PODS:
  - Alamofire (4.6.0)
  - AlamofireObjectMapper (5.0.0):
    - Alamofire (~> 4.1)
    - ObjectMapper (~> 3.0)
  - Crashlytics (3.9.3):
    - Fabric (~> 1.7.2)
  - Fabric (1.7.2)
  - KeychainSwift (7.0.1)
  - Localize-Swift (1.7.1)
  - MBProgressHUD (1.0.0)
  - ObjectMapper (3.0.0)
  - ReachabilitySwift (3)
  - UIColor_Hex_Swift (3.0.2)

DEPENDENCIES:
  - Alamofire (~> 4.5)
  - AlamofireObjectMapper (~> 5.0)
  - Crashlytics
  - KeychainSwift (~> 7.0)
  - Localize-Swift (~> 1.6)
  - MBProgressHUD (~> 1.0.0)
  - ObjectMapper (~> 3.0.0)
  - ReachabilitySwift (~> 3)
  - UIColor_Hex_Swift (~> 3.0.1)

SPEC CHECKSUMS:
  Alamofire: f41a599bd63041760b26d393ec1069d9d7b917f4
  AlamofireObjectMapper: 5fafc816351cbbc0d486611aaeba7461c0cbad49
  Crashlytics: dbb07d01876c171c5ccbdf7826410380189e452c
  Fabric: 9cd6a848efcf1b8b07497e0b6a2e7d336353ba15
  KeychainSwift: 7e15d26b1d6fc504a5eadb89a3e8ab17b2d3573a
  Localize-Swift: 6cabc1087c0e910e77bfa87c2ed3f65c80c0b2df
  MBProgressHUD: 4890f671c94e8a0f3cf959aa731e9de2f036d71a
  ObjectMapper: 92230db59bf8f341a5c3a3cf0b9fbdde3cf0d87f
  ReachabilitySwift: f5b9bb30a0777fac8f09ce8b067e32faeb29bb64
  UIColor_Hex_Swift: 95f718452092a3efc8a827dffd2c04d3237be02d

PODFILE CHECKSUM: a436a85c4407dabb5abca5acb45928059229fed4

COCOAPODS: 1.3.1
