// !$*UTF8*$!
{
	archiveVersion = 1;
	classes = {
	};
	objectVersion = 48;
	objects = {

/* Begin PBXBuildFile section */
		7E0CBBB5202435E4009E56AE /* UserPreference.storyboard in Resources */ = {isa = PBXBuildFile; fileRef = 7E0CBBB4202435E4009E56AE /* UserPreference.storyboard */; };
		7E5946972020BD02006702AF /* SearchPlacesTableViewCell.swift in Sources */ = {isa = PBXBuildFile; fileRef = 7E5946952020BD02006702AF /* SearchPlacesTableViewCell.swift */; };
		7E5946982020BD02006702AF /* SearchPlacesTableViewCell.xib in Resources */ = {isa = PBXBuildFile; fileRef = 7E5946962020BD02006702AF /* SearchPlacesTableViewCell.xib */; };
		7E5C057E2017A6DC000B5C33 /* SavedLocationTableViewCell.swift in Sources */ = {isa = PBXBuildFile; fileRef = 7E5C057C2017A6DC000B5C33 /* SavedLocationTableViewCell.swift */; };
		7E5C057F2017A6DC000B5C33 /* SavedLocationTableViewCell.xib in Resources */ = {isa = PBXBuildFile; fileRef = 7E5C057D2017A6DC000B5C33 /* SavedLocationTableViewCell.xib */; };
		7E5C058220185F34000B5C33 /* SavedAddressHeaderViewCell.swift in Sources */ = {isa = PBXBuildFile; fileRef = 7E5C058020185F34000B5C33 /* SavedAddressHeaderViewCell.swift */; };
		7E5C058320185F34000B5C33 /* SavedAddressHeaderViewCell.xib in Resources */ = {isa = PBXBuildFile; fileRef = 7E5C058120185F34000B5C33 /* SavedAddressHeaderViewCell.xib */; };
		7E5C058520186846000B5C33 /* UISearchbar+helper.swift in Sources */ = {isa = PBXBuildFile; fileRef = 7E5C058420186846000B5C33 /* UISearchbar+helper.swift */; };
		7E5C058720186C36000B5C33 /* roboto.bold.ttf in Resources */ = {isa = PBXBuildFile; fileRef = 7E5C058620186C1A000B5C33 /* roboto.bold.ttf */; };
		7E5E7FC2203AD11200009A56 /* RestaurantDetails.storyboard in Resources */ = {isa = PBXBuildFile; fileRef = 7E5E7FC1203AD11200009A56 /* RestaurantDetails.storyboard */; };
		7E6FD41C2020A00F0058BFB8 /* SearchPlacePredictions.swift in Sources */ = {isa = PBXBuildFile; fileRef = 7E6FD41B2020A00F0058BFB8 /* SearchPlacePredictions.swift */; };
		7E71FC072022CCAD00CA8467 /* KYDrawerController.swift in Sources */ = {isa = PBXBuildFile; fileRef = 7E71FC042022CCAD00CA8467 /* KYDrawerController.swift */; };
		7E71FC082022CCAD00CA8467 /* KYEmbedDrawerControllerSegue.swift in Sources */ = {isa = PBXBuildFile; fileRef = 7E71FC052022CCAD00CA8467 /* KYEmbedDrawerControllerSegue.swift */; };
		7E71FC092022CCAD00CA8467 /* KYEmbedMainControllerSegue.swift in Sources */ = {isa = PBXBuildFile; fileRef = 7E71FC062022CCAD00CA8467 /* KYEmbedMainControllerSegue.swift */; };
		7E71FC0F2022CDC200CA8467 /* DrawerViewController.swift in Sources */ = {isa = PBXBuildFile; fileRef = 7E71FC0E2022CDC200CA8467 /* DrawerViewController.swift */; };
		7E71FC1A2022ECE100CA8467 /* NavigationMenuTableViewCell.swift in Sources */ = {isa = PBXBuildFile; fileRef = 7E71FC172022ECE100CA8467 /* NavigationMenuTableViewCell.swift */; };
		7E71FC1B2022ECE100CA8467 /* NavigationMenuTableViewCell.xib in Resources */ = {isa = PBXBuildFile; fileRef = 7E71FC182022ECE100CA8467 /* NavigationMenuTableViewCell.xib */; };
		7E791F122032B4A500FA887D /* CuisineAndFoodPreferencesViewController.swift in Sources */ = {isa = PBXBuildFile; fileRef = 7E791F112032B4A500FA887D /* CuisineAndFoodPreferencesViewController.swift */; };
		7E791F182032CAB800FA887D /* PreferenceTypeCollectionViewCell.swift in Sources */ = {isa = PBXBuildFile; fileRef = 7E791F162032CAB800FA887D /* PreferenceTypeCollectionViewCell.swift */; };
		7E791F192032CAB800FA887D /* PreferenceTypeCollectionViewCell.xib in Resources */ = {isa = PBXBuildFile; fileRef = 7E791F172032CAB800FA887D /* PreferenceTypeCollectionViewCell.xib */; };
		7E791F1C2032D8D600FA887D /* PreferenceItem.swift in Sources */ = {isa = PBXBuildFile; fileRef = 7E791F1B2032D8D600FA887D /* PreferenceItem.swift */; };
		7E7A6E5A2036D2EE0026C305 /* SnapX_White.png in Resources */ = {isa = PBXBuildFile; fileRef = 7E7A6E592036D2EE0026C305 /* SnapX_White.png */; };
		7E9C0B912021DC5700BA999E /* SnapXEatsLocation.swift in Sources */ = {isa = PBXBuildFile; fileRef = 7E9C0B902021DC5700BA999E /* SnapXEatsLocation.swift */; };
		7EAC86092019C7E300DE162A /* foodCard3.jpg in Resources */ = {isa = PBXBuildFile; fileRef = 7EAC86052019C7E200DE162A /* foodCard3.jpg */; };
		7EAC860A2019C7E300DE162A /* foodCard2.jpg in Resources */ = {isa = PBXBuildFile; fileRef = 7EAC86062019C7E200DE162A /* foodCard2.jpg */; };
		7EAC860B2019C7E300DE162A /* foodCard4.jpg in Resources */ = {isa = PBXBuildFile; fileRef = 7EAC86072019C7E300DE162A /* foodCard4.jpg */; };
		7EAC860C2019C7E300DE162A /* foodCard1.jpg in Resources */ = {isa = PBXBuildFile; fileRef = 7EAC86082019C7E300DE162A /* foodCard1.jpg */; };
		7EAC8610201A066B00DE162A /* FoodCardView.swift in Sources */ = {isa = PBXBuildFile; fileRef = 7EAC860F201A066B00DE162A /* FoodCardView.swift */; };
		7EAC8612201A067A00DE162A /* FoodCardView.xib in Resources */ = {isa = PBXBuildFile; fileRef = 7EAC8611201A067A00DE162A /* FoodCardView.xib */; };
		9D0D712C203859C80077FA7A /* UserLogin.swift in Sources */ = {isa = PBXBuildFile; fileRef = 9D0D712B203859C80077FA7A /* UserLogin.swift */; };
		9D0D7138203AAE1F0077FA7A /* RestaurantDetailsContract.swift in Sources */ = {isa = PBXBuildFile; fileRef = 9D0D712F203AAE1F0077FA7A /* RestaurantDetailsContract.swift */; };
		9D0D7139203AAE1F0077FA7A /* RestaurantDetailsPresenter.swift in Sources */ = {isa = PBXBuildFile; fileRef = 9D0D7131203AAE1F0077FA7A /* RestaurantDetailsPresenter.swift */; };
		9D0D713A203AAE1F0077FA7A /* RestaurantDetailsViewController.swift in Sources */ = {isa = PBXBuildFile; fileRef = 9D0D7133203AAE1F0077FA7A /* RestaurantDetailsViewController.swift */; };
		9D0D713B203AAE1F0077FA7A /* RestaurantDetailsInteractor.swift in Sources */ = {isa = PBXBuildFile; fileRef = 9D0D7135203AAE1F0077FA7A /* RestaurantDetailsInteractor.swift */; };
		9D0D713C203AAE1F0077FA7A /* RestaurantDetailsRouter.swift in Sources */ = {isa = PBXBuildFile; fileRef = 9D0D7137203AAE1F0077FA7A /* RestaurantDetailsRouter.swift */; };
		9D2C484D202073A700FD8B1C /* SelectedPreference.swift in Sources */ = {isa = PBXBuildFile; fileRef = 9D2C484C202073A700FD8B1C /* SelectedPreference.swift */; };
		9D3D1CE02006479500AAAB95 /* SnapXConstants.swift in Sources */ = {isa = PBXBuildFile; fileRef = 9D3D1CDF2006479500AAAB95 /* SnapXConstants.swift */; };
		9D3FC4D82011C94A001A4264 /* CuisinePreference.swift in Sources */ = {isa = PBXBuildFile; fileRef = 9D3FC4D72011C94A001A4264 /* CuisinePreference.swift */; };
		9D3FC4DB2011E34D001A4264 /* CuisineCollectionViewCell.swift in Sources */ = {isa = PBXBuildFile; fileRef = 9D3FC4D92011E34D001A4264 /* CuisineCollectionViewCell.swift */; };
		9D3FC4DC2011E34D001A4264 /* CuisineCollectionViewCell.xib in Resources */ = {isa = PBXBuildFile; fileRef = 9D3FC4DA2011E34D001A4264 /* CuisineCollectionViewCell.xib */; };
		9D8095712015E5200077F84B /* SnapXEatsApi.swift in Sources */ = {isa = PBXBuildFile; fileRef = 9D8095702015E5200077F84B /* SnapXEatsApi.swift */; };
		9D8E887D1FFD27F30066A1D9 /* SnapXEatsTests.swift in Sources */ = {isa = PBXBuildFile; fileRef = 9D8E887C1FFD27F30066A1D9 /* SnapXEatsTests.swift */; };
		9D8E88EB1FFD2BEC0066A1D9 /* LoginContract.swift in Sources */ = {isa = PBXBuildFile; fileRef = 9D8E88C21FFD28C50066A1D9 /* LoginContract.swift */; };
		9D8E88EC1FFD2BEC0066A1D9 /* LoginPresenter.swift in Sources */ = {isa = PBXBuildFile; fileRef = 9D8E88C41FFD28C50066A1D9 /* LoginPresenter.swift */; };
		9D8E88ED1FFD2BEC0066A1D9 /* LoginViewController.swift in Sources */ = {isa = PBXBuildFile; fileRef = 9D8E88C71FFD28C50066A1D9 /* LoginViewController.swift */; };
		9D8E88EE1FFD2BEC0066A1D9 /* LoginInteractor.swift in Sources */ = {isa = PBXBuildFile; fileRef = 9D8E88C91FFD28C50066A1D9 /* LoginInteractor.swift */; };
		9D8E88EF1FFD2BEC0066A1D9 /* LoginRouter.swift in Sources */ = {isa = PBXBuildFile; fileRef = 9D8E88CB1FFD28C50066A1D9 /* LoginRouter.swift */; };
		9D8E88F11FFD2BEC0066A1D9 /* BaseContract.swift in Sources */ = {isa = PBXBuildFile; fileRef = 9D8E88CF1FFD28C50066A1D9 /* BaseContract.swift */; };
		9D8E88F21FFD2BEC0066A1D9 /* BaseViewController.swift in Sources */ = {isa = PBXBuildFile; fileRef = 9D8E88D11FFD28C50066A1D9 /* BaseViewController.swift */; };
		9D8E88F31FFD2BEC0066A1D9 /* Product.swift in Sources */ = {isa = PBXBuildFile; fileRef = 9D8E88DB1FFD28C50066A1D9 /* Product.swift */; };
		9D8E88F41FFD2BEC0066A1D9 /* UserProfile.swift in Sources */ = {isa = PBXBuildFile; fileRef = 9D8E88DD1FFD28C50066A1D9 /* UserProfile.swift */; };
		9D8E88F51FFD2BEC0066A1D9 /* Constants.swift in Sources */ = {isa = PBXBuildFile; fileRef = 9D8E888E1FFD28C50066A1D9 /* Constants.swift */; };
		9D8E88F61FFD2BEC0066A1D9 /* PlainButtonCellDelegate.swift in Sources */ = {isa = PBXBuildFile; fileRef = 9D8E88901FFD28C50066A1D9 /* PlainButtonCellDelegate.swift */; };
		9D8E88F71FFD2BEC0066A1D9 /* UIImage+Icons.swift in Sources */ = {isa = PBXBuildFile; fileRef = 9D8E88921FFD28C50066A1D9 /* UIImage+Icons.swift */; };
		9D8E88F81FFD2BEC0066A1D9 /* UIView.swift in Sources */ = {isa = PBXBuildFile; fileRef = 9D8E88931FFD28C50066A1D9 /* UIView.swift */; };
		9D8E88F91FFD2BEC0066A1D9 /* UIFont+Utils.swift in Sources */ = {isa = PBXBuildFile; fileRef = 9D8E88941FFD28C50066A1D9 /* UIFont+Utils.swift */; };
		9D8E88FA1FFD2BEC0066A1D9 /* UITextField+Border.swift in Sources */ = {isa = PBXBuildFile; fileRef = 9D8E88951FFD28C50066A1D9 /* UITextField+Border.swift */; };
		9D8E88FB1FFD2BEC0066A1D9 /* UICollectionView.swift in Sources */ = {isa = PBXBuildFile; fileRef = 9D8E88961FFD28C50066A1D9 /* UICollectionView.swift */; };
		9D8E88FC1FFD2BEC0066A1D9 /* DataResponse.swift in Sources */ = {isa = PBXBuildFile; fileRef = 9D8E88971FFD28C50066A1D9 /* DataResponse.swift */; };
		9D8E88FD1FFD2BEC0066A1D9 /* Results.swift in Sources */ = {isa = PBXBuildFile; fileRef = 9D8E88981FFD28C50066A1D9 /* Results.swift */; };
		9D8E88FE1FFD2BEC0066A1D9 /* UITableView.swift in Sources */ = {isa = PBXBuildFile; fileRef = 9D8E88991FFD28C50066A1D9 /* UITableView.swift */; };
		9D8E88FF1FFD2BEC0066A1D9 /* UITableViewCell.swift in Sources */ = {isa = PBXBuildFile; fileRef = 9D8E889A1FFD28C50066A1D9 /* UITableViewCell.swift */; };
		9D8E89001FFD2BEC0066A1D9 /* String.swift in Sources */ = {isa = PBXBuildFile; fileRef = 9D8E889B1FFD28C50066A1D9 /* String.swift */; };
		9D8E89011FFD2BEC0066A1D9 /* UIViewController.swift in Sources */ = {isa = PBXBuildFile; fileRef = 9D8E889C1FFD28C50066A1D9 /* UIViewController.swift */; };
		9D8E89021FFD2BEC0066A1D9 /* UIColor+Pallet.swift in Sources */ = {isa = PBXBuildFile; fileRef = 9D8E889D1FFD28C50066A1D9 /* UIColor+Pallet.swift */; };
		9D8E89031FFD2BEC0066A1D9 /* Double.swift in Sources */ = {isa = PBXBuildFile; fileRef = 9D8E889E1FFD28C50066A1D9 /* Double.swift */; };
		9D8E89041FFD2BEC0066A1D9 /* UIAlertController.swift in Sources */ = {isa = PBXBuildFile; fileRef = 9D8E889F1FFD28C50066A1D9 /* UIAlertController.swift */; };
		9D8E89051FFD2BEC0066A1D9 /* UICollectionViewCell.swift in Sources */ = {isa = PBXBuildFile; fileRef = 9D8E88A01FFD28C50066A1D9 /* UICollectionViewCell.swift */; };
		9D8E89061FFD2BEC0066A1D9 /* UIStoryboard.swift in Sources */ = {isa = PBXBuildFile; fileRef = 9D8E88A11FFD28C50066A1D9 /* UIStoryboard.swift */; };
		9D8E89071FFD2BEC0066A1D9 /* ValidableUILabel.swift in Sources */ = {isa = PBXBuildFile; fileRef = 9D8E88A31FFD28C50066A1D9 /* ValidableUILabel.swift */; };
		9D8E89081FFD2BEC0066A1D9 /* RoundedTextField.swift in Sources */ = {isa = PBXBuildFile; fileRef = 9D8E88A41FFD28C50066A1D9 /* RoundedTextField.swift */; };
		9D8E89091FFD2BEC0066A1D9 /* RoundedPinkButton.swift in Sources */ = {isa = PBXBuildFile; fileRef = 9D8E88A51FFD28C50066A1D9 /* RoundedPinkButton.swift */; };
		9D8E890A1FFD2BEC0066A1D9 /* SimpleCircle.swift in Sources */ = {isa = PBXBuildFile; fileRef = 9D8E88A61FFD28C50066A1D9 /* SimpleCircle.swift */; };
		9D8E890B1FFD2BEC0066A1D9 /* PlainButtonCell.swift in Sources */ = {isa = PBXBuildFile; fileRef = 9D8E88AA1FFD28C50066A1D9 /* PlainButtonCell.swift */; };
		9D8E890D1FFD2BEC0066A1D9 /* SectionHeaderLabelCell.swift in Sources */ = {isa = PBXBuildFile; fileRef = 9D8E88AD1FFD28C50066A1D9 /* SectionHeaderLabelCell.swift */; };
		9D8E890F1FFD2BEC0066A1D9 /* ProfileLocalDataManager.swift in Sources */ = {isa = PBXBuildFile; fileRef = 9D8E88B11FFD28C50066A1D9 /* ProfileLocalDataManager.swift */; };
		9D8E89101FFD2BEC0066A1D9 /* ProfileApiDataManager.swift in Sources */ = {isa = PBXBuildFile; fileRef = 9D8E88B31FFD28C50066A1D9 /* ProfileApiDataManager.swift */; };
		9D8E89111FFD2BEC0066A1D9 /* StoryboardLoadable.swift in Sources */ = {isa = PBXBuildFile; fileRef = 9D8E88B51FFD28C50066A1D9 /* StoryboardLoadable.swift */; };
		9D8E89121FFD2BEC0066A1D9 /* NibLoadableView.swift in Sources */ = {isa = PBXBuildFile; fileRef = 9D8E88B61FFD28C50066A1D9 /* NibLoadableView.swift */; };
		9D8E89131FFD2BEC0066A1D9 /* ReusableView.swift in Sources */ = {isa = PBXBuildFile; fileRef = 9D8E88B71FFD28C50066A1D9 /* ReusableView.swift */; };
		9D8E89151FFD2BEC0066A1D9 /* ValidatorHelper.swift in Sources */ = {isa = PBXBuildFile; fileRef = 9D8E88BA1FFD28C50066A1D9 /* ValidatorHelper.swift */; };
		9D8E89161FFD2C400066A1D9 /* RootRouter.swift in Sources */ = {isa = PBXBuildFile; fileRef = 9D8E88BD1FFD28C50066A1D9 /* RootRouter.swift */; };
		9D8E89171FFD2C400066A1D9 /* AppDelegate.swift in Sources */ = {isa = PBXBuildFile; fileRef = 9D8E88BE1FFD28C50066A1D9 /* AppDelegate.swift */; };
		9D902BC920171AED00359DFD /* FoodCardsContract.swift in Sources */ = {isa = PBXBuildFile; fileRef = 9D902BC020171AED00359DFD /* FoodCardsContract.swift */; };
		9D902BCA20171AED00359DFD /* FoodCardsPresenter.swift in Sources */ = {isa = PBXBuildFile; fileRef = 9D902BC220171AED00359DFD /* FoodCardsPresenter.swift */; };
		9D902BCB20171AED00359DFD /* FoodCardsViewController.swift in Sources */ = {isa = PBXBuildFile; fileRef = 9D902BC420171AED00359DFD /* FoodCardsViewController.swift */; };
		9D902BCC20171AED00359DFD /* FoodCardsInteractor.swift in Sources */ = {isa = PBXBuildFile; fileRef = 9D902BC620171AED00359DFD /* FoodCardsInteractor.swift */; };
		9D902BCD20171AED00359DFD /* FoodCardsRouter.swift in Sources */ = {isa = PBXBuildFile; fileRef = 9D902BC820171AED00359DFD /* FoodCardsRouter.swift */; };
		9D902BE4201729E400359DFD /* SelectLocationContract.swift in Sources */ = {isa = PBXBuildFile; fileRef = 9D902BDB201729E300359DFD /* SelectLocationContract.swift */; };
		9D902BE5201729E400359DFD /* SelectLocationPresenter.swift in Sources */ = {isa = PBXBuildFile; fileRef = 9D902BDD201729E300359DFD /* SelectLocationPresenter.swift */; };
		9D902BE6201729E400359DFD /* SelectLocationViewController.swift in Sources */ = {isa = PBXBuildFile; fileRef = 9D902BDF201729E300359DFD /* SelectLocationViewController.swift */; };
		9D902BE7201729E400359DFD /* SelectLocationInteractor.swift in Sources */ = {isa = PBXBuildFile; fileRef = 9D902BE1201729E300359DFD /* SelectLocationInteractor.swift */; };
		9D902BE8201729E400359DFD /* SelectLocationRouter.swift in Sources */ = {isa = PBXBuildFile; fileRef = 9D902BE3201729E300359DFD /* SelectLocationRouter.swift */; };
		9D902BEA20172A2F00359DFD /* SelectLocation.storyboard in Resources */ = {isa = PBXBuildFile; fileRef = 9D902BE920172A2F00359DFD /* SelectLocation.storyboard */; };
		9D902BEC201736B500359DFD /* FoodCards.storyboard in Resources */ = {isa = PBXBuildFile; fileRef = 9D902BEB201736B500359DFD /* FoodCards.storyboard */; };
		9D955D2B2028A91A0007CB01 /* SnapXEatsUserLocation.swift in Sources */ = {isa = PBXBuildFile; fileRef = 9D955D2A2028A91A0007CB01 /* SnapXEatsUserLocation.swift */; };
		9D9868D92023202B003E82F6 /* Restaurant.swift in Sources */ = {isa = PBXBuildFile; fileRef = 9D9868D62023202B003E82F6 /* Restaurant.swift */; };
		9DB02A6E2010805F0061FC0C /* LocationContract.swift in Sources */ = {isa = PBXBuildFile; fileRef = 9DB02A652010805F0061FC0C /* LocationContract.swift */; };
		9DB02A6F2010805F0061FC0C /* LocationPresenter.swift in Sources */ = {isa = PBXBuildFile; fileRef = 9DB02A672010805F0061FC0C /* LocationPresenter.swift */; };
		9DB02A702010805F0061FC0C /* LocationViewController.swift in Sources */ = {isa = PBXBuildFile; fileRef = 9DB02A692010805F0061FC0C /* LocationViewController.swift */; };
		9DB02A712010805F0061FC0C /* LocationInteractor.swift in Sources */ = {isa = PBXBuildFile; fileRef = 9DB02A6B2010805F0061FC0C /* LocationInteractor.swift */; };
		9DB02A722010805F0061FC0C /* LocationRouter.swift in Sources */ = {isa = PBXBuildFile; fileRef = 9DB02A6D2010805F0061FC0C /* LocationRouter.swift */; };
		9DB02A76201084730061FC0C /* Location.storyboard in Resources */ = {isa = PBXBuildFile; fileRef = 9DB02A75201084730061FC0C /* Location.storyboard */; };
		9DB7FE0B1FFFAC3800D0E816 /* InstagramViewController.swift in Sources */ = {isa = PBXBuildFile; fileRef = 9DB7FE0A1FFFAC3800D0E816 /* InstagramViewController.swift */; };
		9DB7FE0E2004BC9D00D0E816 /* Network.swift in Sources */ = {isa = PBXBuildFile; fileRef = 9DB7FE0D2004BC9D00D0E816 /* Network.swift */; };
		9DB7FE112004F0EE00D0E816 /* Alert.swift in Sources */ = {isa = PBXBuildFile; fileRef = 9DB7FE102004F0EE00D0E816 /* Alert.swift */; };
		9DB7FE132005F96A00D0E816 /* Assets.xcassets in Resources */ = {isa = PBXBuildFile; fileRef = 9DB7FE122005F96A00D0E816 /* Assets.xcassets */; };
		9DB7FE1720061B6200D0E816 /* Roboto-Light.ttf in Resources */ = {isa = PBXBuildFile; fileRef = 9DB7FE1620061B1600D0E816 /* Roboto-Light.ttf */; };
		9DB7FE1820061B6200D0E816 /* Roboto-Medium.ttf in Resources */ = {isa = PBXBuildFile; fileRef = 9DB7FE1520061B1600D0E816 /* Roboto-Medium.ttf */; };
		9DB7FE1920061B6200D0E816 /* Roboto-Regular.ttf in Resources */ = {isa = PBXBuildFile; fileRef = 9DB7FE1420061B1600D0E816 /* Roboto-Regular.ttf */; };
		9DB7FE1F20061E8C00D0E816 /* BG@3x.png in Resources */ = {isa = PBXBuildFile; fileRef = 9DB7FE1E20061E8C00D0E816 /* BG@3x.png */; };
		9DCBE184201EF6F80030A0F9 /* SnapXEatsNetworkManager.swift in Sources */ = {isa = PBXBuildFile; fileRef = 9DCBE183201EF6F80030A0F9 /* SnapXEatsNetworkManager.swift */; };
		9DDC3AEC2035553600A7F181 /* SnapXEatsLoginHelper.swift in Sources */ = {isa = PBXBuildFile; fileRef = 9DDC3AEB2035553600A7F181 /* SnapXEatsLoginHelper.swift */; };
		9DE7CE512023620500BBBFEC /* UserPreferenceContract.swift in Sources */ = {isa = PBXBuildFile; fileRef = 9DE7CE482023620500BBBFEC /* UserPreferenceContract.swift */; };
		9DE7CE522023620500BBBFEC /* UserPreferencePresenter.swift in Sources */ = {isa = PBXBuildFile; fileRef = 9DE7CE4A2023620500BBBFEC /* UserPreferencePresenter.swift */; };
		9DE7CE532023620500BBBFEC /* UserPreferenceViewController.swift in Sources */ = {isa = PBXBuildFile; fileRef = 9DE7CE4C2023620500BBBFEC /* UserPreferenceViewController.swift */; };
		9DE7CE542023620500BBBFEC /* UserPreferenceInteractor.swift in Sources */ = {isa = PBXBuildFile; fileRef = 9DE7CE4E2023620500BBBFEC /* UserPreferenceInteractor.swift */; };
		9DE7CE552023620500BBBFEC /* UserPreferenceRouter.swift in Sources */ = {isa = PBXBuildFile; fileRef = 9DE7CE502023620500BBBFEC /* UserPreferenceRouter.swift */; };
		9DEB5CF71FFE6D49003B9D4B /* FlashScreen.storyboard in Resources */ = {isa = PBXBuildFile; fileRef = 9D8E88BC1FFD28C50066A1D9 /* FlashScreen.storyboard */; };
		9DEB5CF81FFE6D49003B9D4B /* Login.storyboard in Resources */ = {isa = PBXBuildFile; fileRef = 9D8E88C61FFD28C50066A1D9 /* Login.storyboard */; };
		CE64A9A86226702DB23DF92F /* Pods_SnapXEats.framework in Frameworks */ = {isa = PBXBuildFile; fileRef = 967BD01B1CEED06931835CA3 /* Pods_SnapXEats.framework */; };
/* End PBXBuildFile section */

/* Begin PBXContainerItemProxy section */
		9D8E88791FFD27F30066A1D9 /* PBXContainerItemProxy */ = {
			isa = PBXContainerItemProxy;
			containerPortal = 9D8E885C1FFD27F30066A1D9 /* Project object */;
			proxyType = 1;
			remoteGlobalIDString = 9D8E88631FFD27F30066A1D9;
			remoteInfo = SnapXEats;
		};
/* End PBXContainerItemProxy section */

/* Begin PBXFileReference section */
		18C81282DCA92A76FE981E2D /* Pods-SnapXEats.debug.xcconfig */ = {isa = PBXFileReference; includeInIndex = 1; lastKnownFileType = text.xcconfig; name = "Pods-SnapXEats.debug.xcconfig"; path = "Pods/Target Support Files/Pods-SnapXEats/Pods-SnapXEats.debug.xcconfig"; sourceTree = "<group>"; };
		7E0CBBB4202435E4009E56AE /* UserPreference.storyboard */ = {isa = PBXFileReference; lastKnownFileType = file.storyboard; path = UserPreference.storyboard; sourceTree = "<group>"; };
		7E5946952020BD02006702AF /* SearchPlacesTableViewCell.swift */ = {isa = PBXFileReference; lastKnownFileType = sourcecode.swift; path = SearchPlacesTableViewCell.swift; sourceTree = "<group>"; };
		7E5946962020BD02006702AF /* SearchPlacesTableViewCell.xib */ = {isa = PBXFileReference; lastKnownFileType = file.xib; path = SearchPlacesTableViewCell.xib; sourceTree = "<group>"; };
		7E5C057C2017A6DC000B5C33 /* SavedLocationTableViewCell.swift */ = {isa = PBXFileReference; lastKnownFileType = sourcecode.swift; path = SavedLocationTableViewCell.swift; sourceTree = "<group>"; };
		7E5C057D2017A6DC000B5C33 /* SavedLocationTableViewCell.xib */ = {isa = PBXFileReference; lastKnownFileType = file.xib; path = SavedLocationTableViewCell.xib; sourceTree = "<group>"; };
		7E5C058020185F34000B5C33 /* SavedAddressHeaderViewCell.swift */ = {isa = PBXFileReference; lastKnownFileType = sourcecode.swift; path = SavedAddressHeaderViewCell.swift; sourceTree = "<group>"; };
		7E5C058120185F34000B5C33 /* SavedAddressHeaderViewCell.xib */ = {isa = PBXFileReference; lastKnownFileType = file.xib; path = SavedAddressHeaderViewCell.xib; sourceTree = "<group>"; };
		7E5C058420186846000B5C33 /* UISearchbar+helper.swift */ = {isa = PBXFileReference; lastKnownFileType = sourcecode.swift; path = "UISearchbar+helper.swift"; sourceTree = "<group>"; };
		7E5C058620186C1A000B5C33 /* roboto.bold.ttf */ = {isa = PBXFileReference; lastKnownFileType = file; path = roboto.bold.ttf; sourceTree = "<group>"; };
		7E5E7FC1203AD11200009A56 /* RestaurantDetails.storyboard */ = {isa = PBXFileReference; lastKnownFileType = file.storyboard; path = RestaurantDetails.storyboard; sourceTree = "<group>"; };
		7E6FD41B2020A00F0058BFB8 /* SearchPlacePredictions.swift */ = {isa = PBXFileReference; lastKnownFileType = sourcecode.swift; path = SearchPlacePredictions.swift; sourceTree = "<group>"; };
		7E71FC042022CCAD00CA8467 /* KYDrawerController.swift */ = {isa = PBXFileReference; fileEncoding = 4; lastKnownFileType = sourcecode.swift; path = KYDrawerController.swift; sourceTree = "<group>"; };
		7E71FC052022CCAD00CA8467 /* KYEmbedDrawerControllerSegue.swift */ = {isa = PBXFileReference; fileEncoding = 4; lastKnownFileType = sourcecode.swift; path = KYEmbedDrawerControllerSegue.swift; sourceTree = "<group>"; };
		7E71FC062022CCAD00CA8467 /* KYEmbedMainControllerSegue.swift */ = {isa = PBXFileReference; fileEncoding = 4; lastKnownFileType = sourcecode.swift; path = KYEmbedMainControllerSegue.swift; sourceTree = "<group>"; };
		7E71FC0E2022CDC200CA8467 /* DrawerViewController.swift */ = {isa = PBXFileReference; fileEncoding = 4; lastKnownFileType = sourcecode.swift; path = DrawerViewController.swift; sourceTree = "<group>"; };
		7E71FC172022ECE100CA8467 /* NavigationMenuTableViewCell.swift */ = {isa = PBXFileReference; fileEncoding = 4; lastKnownFileType = sourcecode.swift; path = NavigationMenuTableViewCell.swift; sourceTree = "<group>"; };
		7E71FC182022ECE100CA8467 /* NavigationMenuTableViewCell.xib */ = {isa = PBXFileReference; fileEncoding = 4; lastKnownFileType = file.xib; path = NavigationMenuTableViewCell.xib; sourceTree = "<group>"; };
		7E791F112032B4A500FA887D /* CuisineAndFoodPreferencesViewController.swift */ = {isa = PBXFileReference; lastKnownFileType = sourcecode.swift; path = CuisineAndFoodPreferencesViewController.swift; sourceTree = "<group>"; };
		7E791F162032CAB800FA887D /* PreferenceTypeCollectionViewCell.swift */ = {isa = PBXFileReference; lastKnownFileType = sourcecode.swift; path = PreferenceTypeCollectionViewCell.swift; sourceTree = "<group>"; };
		7E791F172032CAB800FA887D /* PreferenceTypeCollectionViewCell.xib */ = {isa = PBXFileReference; lastKnownFileType = file.xib; path = PreferenceTypeCollectionViewCell.xib; sourceTree = "<group>"; };
		7E791F1B2032D8D600FA887D /* PreferenceItem.swift */ = {isa = PBXFileReference; lastKnownFileType = sourcecode.swift; path = PreferenceItem.swift; sourceTree = "<group>"; };
		7E7A6E592036D2EE0026C305 /* SnapX_White.png */ = {isa = PBXFileReference; lastKnownFileType = image.png; path = SnapX_White.png; sourceTree = "<group>"; };
		7E9C0B902021DC5700BA999E /* SnapXEatsLocation.swift */ = {isa = PBXFileReference; lastKnownFileType = sourcecode.swift; path = SnapXEatsLocation.swift; sourceTree = "<group>"; };
		7EAC86052019C7E200DE162A /* foodCard3.jpg */ = {isa = PBXFileReference; lastKnownFileType = image.jpeg; path = foodCard3.jpg; sourceTree = "<group>"; };
		7EAC86062019C7E200DE162A /* foodCard2.jpg */ = {isa = PBXFileReference; lastKnownFileType = image.jpeg; path = foodCard2.jpg; sourceTree = "<group>"; };
		7EAC86072019C7E300DE162A /* foodCard4.jpg */ = {isa = PBXFileReference; lastKnownFileType = image.jpeg; path = foodCard4.jpg; sourceTree = "<group>"; };
		7EAC86082019C7E300DE162A /* foodCard1.jpg */ = {isa = PBXFileReference; lastKnownFileType = image.jpeg; path = foodCard1.jpg; sourceTree = "<group>"; };
		7EAC860F201A066B00DE162A /* FoodCardView.swift */ = {isa = PBXFileReference; lastKnownFileType = sourcecode.swift; path = FoodCardView.swift; sourceTree = "<group>"; };
		7EAC8611201A067A00DE162A /* FoodCardView.xib */ = {isa = PBXFileReference; lastKnownFileType = file.xib; path = FoodCardView.xib; sourceTree = "<group>"; };
		967BD01B1CEED06931835CA3 /* Pods_SnapXEats.framework */ = {isa = PBXFileReference; explicitFileType = wrapper.framework; includeInIndex = 0; path = Pods_SnapXEats.framework; sourceTree = BUILT_PRODUCTS_DIR; };
		9D0D712B203859C80077FA7A /* UserLogin.swift */ = {isa = PBXFileReference; lastKnownFileType = sourcecode.swift; path = UserLogin.swift; sourceTree = "<group>"; };
		9D0D712F203AAE1F0077FA7A /* RestaurantDetailsContract.swift */ = {isa = PBXFileReference; fileEncoding = 4; lastKnownFileType = sourcecode.swift; path = RestaurantDetailsContract.swift; sourceTree = "<group>"; };
		9D0D7131203AAE1F0077FA7A /* RestaurantDetailsPresenter.swift */ = {isa = PBXFileReference; fileEncoding = 4; lastKnownFileType = sourcecode.swift; path = RestaurantDetailsPresenter.swift; sourceTree = "<group>"; };
		9D0D7133203AAE1F0077FA7A /* RestaurantDetailsViewController.swift */ = {isa = PBXFileReference; fileEncoding = 4; lastKnownFileType = sourcecode.swift; path = RestaurantDetailsViewController.swift; sourceTree = "<group>"; };
		9D0D7135203AAE1F0077FA7A /* RestaurantDetailsInteractor.swift */ = {isa = PBXFileReference; fileEncoding = 4; lastKnownFileType = sourcecode.swift; path = RestaurantDetailsInteractor.swift; sourceTree = "<group>"; };
		9D0D7137203AAE1F0077FA7A /* RestaurantDetailsRouter.swift */ = {isa = PBXFileReference; fileEncoding = 4; lastKnownFileType = sourcecode.swift; path = RestaurantDetailsRouter.swift; sourceTree = "<group>"; };
		9D2C484C202073A700FD8B1C /* SelectedPreference.swift */ = {isa = PBXFileReference; lastKnownFileType = sourcecode.swift; path = SelectedPreference.swift; sourceTree = "<group>"; };
		9D3D1CDF2006479500AAAB95 /* SnapXConstants.swift */ = {isa = PBXFileReference; lastKnownFileType = sourcecode.swift; path = SnapXConstants.swift; sourceTree = "<group>"; };
		9D3FC4D72011C94A001A4264 /* CuisinePreference.swift */ = {isa = PBXFileReference; lastKnownFileType = sourcecode.swift; path = CuisinePreference.swift; sourceTree = "<group>"; };
		9D3FC4D92011E34D001A4264 /* CuisineCollectionViewCell.swift */ = {isa = PBXFileReference; lastKnownFileType = sourcecode.swift; path = CuisineCollectionViewCell.swift; sourceTree = "<group>"; };
		9D3FC4DA2011E34D001A4264 /* CuisineCollectionViewCell.xib */ = {isa = PBXFileReference; lastKnownFileType = file.xib; path = CuisineCollectionViewCell.xib; sourceTree = "<group>"; };
		9D8095702015E5200077F84B /* SnapXEatsApi.swift */ = {isa = PBXFileReference; lastKnownFileType = sourcecode.swift; path = SnapXEatsApi.swift; sourceTree = "<group>"; };
		9D8E88641FFD27F30066A1D9 /* SnapXEats.app */ = {isa = PBXFileReference; explicitFileType = wrapper.application; includeInIndex = 0; path = SnapXEats.app; sourceTree = BUILT_PRODUCTS_DIR; };
		9D8E88781FFD27F30066A1D9 /* SnapXEatsTests.xctest */ = {isa = PBXFileReference; explicitFileType = wrapper.cfbundle; includeInIndex = 0; path = SnapXEatsTests.xctest; sourceTree = BUILT_PRODUCTS_DIR; };
		9D8E887C1FFD27F30066A1D9 /* SnapXEatsTests.swift */ = {isa = PBXFileReference; lastKnownFileType = sourcecode.swift; path = SnapXEatsTests.swift; sourceTree = "<group>"; };
		9D8E887E1FFD27F30066A1D9 /* Info.plist */ = {isa = PBXFileReference; lastKnownFileType = text.plist.xml; path = Info.plist; sourceTree = "<group>"; };
		9D8E888E1FFD28C50066A1D9 /* Constants.swift */ = {isa = PBXFileReference; lastKnownFileType = sourcecode.swift; path = Constants.swift; sourceTree = "<group>"; };
		9D8E88901FFD28C50066A1D9 /* PlainButtonCellDelegate.swift */ = {isa = PBXFileReference; lastKnownFileType = sourcecode.swift; path = PlainButtonCellDelegate.swift; sourceTree = "<group>"; };
		9D8E88921FFD28C50066A1D9 /* UIImage+Icons.swift */ = {isa = PBXFileReference; lastKnownFileType = sourcecode.swift; path = "UIImage+Icons.swift"; sourceTree = "<group>"; };
		9D8E88931FFD28C50066A1D9 /* UIView.swift */ = {isa = PBXFileReference; lastKnownFileType = sourcecode.swift; path = UIView.swift; sourceTree = "<group>"; };
		9D8E88941FFD28C50066A1D9 /* UIFont+Utils.swift */ = {isa = PBXFileReference; lastKnownFileType = sourcecode.swift; path = "UIFont+Utils.swift"; sourceTree = "<group>"; };
		9D8E88951FFD28C50066A1D9 /* UITextField+Border.swift */ = {isa = PBXFileReference; lastKnownFileType = sourcecode.swift; path = "UITextField+Border.swift"; sourceTree = "<group>"; };
		9D8E88961FFD28C50066A1D9 /* UICollectionView.swift */ = {isa = PBXFileReference; lastKnownFileType = sourcecode.swift; path = UICollectionView.swift; sourceTree = "<group>"; };
		9D8E88971FFD28C50066A1D9 /* DataResponse.swift */ = {isa = PBXFileReference; lastKnownFileType = sourcecode.swift; path = DataResponse.swift; sourceTree = "<group>"; };
		9D8E88981FFD28C50066A1D9 /* Results.swift */ = {isa = PBXFileReference; lastKnownFileType = sourcecode.swift; path = Results.swift; sourceTree = "<group>"; };
		9D8E88991FFD28C50066A1D9 /* UITableView.swift */ = {isa = PBXFileReference; lastKnownFileType = sourcecode.swift; path = UITableView.swift; sourceTree = "<group>"; };
		9D8E889A1FFD28C50066A1D9 /* UITableViewCell.swift */ = {isa = PBXFileReference; lastKnownFileType = sourcecode.swift; path = UITableViewCell.swift; sourceTree = "<group>"; };
		9D8E889B1FFD28C50066A1D9 /* String.swift */ = {isa = PBXFileReference; lastKnownFileType = sourcecode.swift; path = String.swift; sourceTree = "<group>"; };
		9D8E889C1FFD28C50066A1D9 /* UIViewController.swift */ = {isa = PBXFileReference; lastKnownFileType = sourcecode.swift; path = UIViewController.swift; sourceTree = "<group>"; };
		9D8E889D1FFD28C50066A1D9 /* UIColor+Pallet.swift */ = {isa = PBXFileReference; lastKnownFileType = sourcecode.swift; path = "UIColor+Pallet.swift"; sourceTree = "<group>"; };
		9D8E889E1FFD28C50066A1D9 /* Double.swift */ = {isa = PBXFileReference; lastKnownFileType = sourcecode.swift; path = Double.swift; sourceTree = "<group>"; };
		9D8E889F1FFD28C50066A1D9 /* UIAlertController.swift */ = {isa = PBXFileReference; lastKnownFileType = sourcecode.swift; path = UIAlertController.swift; sourceTree = "<group>"; };
		9D8E88A01FFD28C50066A1D9 /* UICollectionViewCell.swift */ = {isa = PBXFileReference; lastKnownFileType = sourcecode.swift; path = UICollectionViewCell.swift; sourceTree = "<group>"; };
		9D8E88A11FFD28C50066A1D9 /* UIStoryboard.swift */ = {isa = PBXFileReference; lastKnownFileType = sourcecode.swift; path = UIStoryboard.swift; sourceTree = "<group>"; };
		9D8E88A31FFD28C50066A1D9 /* ValidableUILabel.swift */ = {isa = PBXFileReference; lastKnownFileType = sourcecode.swift; path = ValidableUILabel.swift; sourceTree = "<group>"; };
		9D8E88A41FFD28C50066A1D9 /* RoundedTextField.swift */ = {isa = PBXFileReference; lastKnownFileType = sourcecode.swift; path = RoundedTextField.swift; sourceTree = "<group>"; };
		9D8E88A51FFD28C50066A1D9 /* RoundedPinkButton.swift */ = {isa = PBXFileReference; lastKnownFileType = sourcecode.swift; path = RoundedPinkButton.swift; sourceTree = "<group>"; };
		9D8E88A61FFD28C50066A1D9 /* SimpleCircle.swift */ = {isa = PBXFileReference; lastKnownFileType = sourcecode.swift; path = SimpleCircle.swift; sourceTree = "<group>"; };
		9D8E88AA1FFD28C50066A1D9 /* PlainButtonCell.swift */ = {isa = PBXFileReference; lastKnownFileType = sourcecode.swift; path = PlainButtonCell.swift; sourceTree = "<group>"; };
		9D8E88AD1FFD28C50066A1D9 /* SectionHeaderLabelCell.swift */ = {isa = PBXFileReference; lastKnownFileType = sourcecode.swift; path = SectionHeaderLabelCell.swift; sourceTree = "<group>"; };
		9D8E88B11FFD28C50066A1D9 /* ProfileLocalDataManager.swift */ = {isa = PBXFileReference; lastKnownFileType = sourcecode.swift; path = ProfileLocalDataManager.swift; sourceTree = "<group>"; };
		9D8E88B31FFD28C50066A1D9 /* ProfileApiDataManager.swift */ = {isa = PBXFileReference; lastKnownFileType = sourcecode.swift; path = ProfileApiDataManager.swift; sourceTree = "<group>"; };
		9D8E88B51FFD28C50066A1D9 /* StoryboardLoadable.swift */ = {isa = PBXFileReference; lastKnownFileType = sourcecode.swift; path = StoryboardLoadable.swift; sourceTree = "<group>"; };
		9D8E88B61FFD28C50066A1D9 /* NibLoadableView.swift */ = {isa = PBXFileReference; lastKnownFileType = sourcecode.swift; path = NibLoadableView.swift; sourceTree = "<group>"; };
		9D8E88B71FFD28C50066A1D9 /* ReusableView.swift */ = {isa = PBXFileReference; lastKnownFileType = sourcecode.swift; path = ReusableView.swift; sourceTree = "<group>"; };
		9D8E88BA1FFD28C50066A1D9 /* ValidatorHelper.swift */ = {isa = PBXFileReference; lastKnownFileType = sourcecode.swift; path = ValidatorHelper.swift; sourceTree = "<group>"; };
		9D8E88BC1FFD28C50066A1D9 /* FlashScreen.storyboard */ = {isa = PBXFileReference; lastKnownFileType = file.storyboard; path = FlashScreen.storyboard; sourceTree = "<group>"; };
		9D8E88BD1FFD28C50066A1D9 /* RootRouter.swift */ = {isa = PBXFileReference; lastKnownFileType = sourcecode.swift; path = RootRouter.swift; sourceTree = "<group>"; };
		9D8E88BE1FFD28C50066A1D9 /* AppDelegate.swift */ = {isa = PBXFileReference; lastKnownFileType = sourcecode.swift; path = AppDelegate.swift; sourceTree = "<group>"; };
		9D8E88C21FFD28C50066A1D9 /* LoginContract.swift */ = {isa = PBXFileReference; lastKnownFileType = sourcecode.swift; path = LoginContract.swift; sourceTree = "<group>"; };
		9D8E88C41FFD28C50066A1D9 /* LoginPresenter.swift */ = {isa = PBXFileReference; lastKnownFileType = sourcecode.swift; path = LoginPresenter.swift; sourceTree = "<group>"; };
		9D8E88C61FFD28C50066A1D9 /* Login.storyboard */ = {isa = PBXFileReference; lastKnownFileType = file.storyboard; path = Login.storyboard; sourceTree = "<group>"; };
		9D8E88C71FFD28C50066A1D9 /* LoginViewController.swift */ = {isa = PBXFileReference; lastKnownFileType = sourcecode.swift; path = LoginViewController.swift; sourceTree = "<group>"; };
		9D8E88C91FFD28C50066A1D9 /* LoginInteractor.swift */ = {isa = PBXFileReference; lastKnownFileType = sourcecode.swift; path = LoginInteractor.swift; sourceTree = "<group>"; };
		9D8E88CB1FFD28C50066A1D9 /* LoginRouter.swift */ = {isa = PBXFileReference; lastKnownFileType = sourcecode.swift; path = LoginRouter.swift; sourceTree = "<group>"; };
		9D8E88CF1FFD28C50066A1D9 /* BaseContract.swift */ = {isa = PBXFileReference; lastKnownFileType = sourcecode.swift; path = BaseContract.swift; sourceTree = "<group>"; };
		9D8E88D11FFD28C50066A1D9 /* BaseViewController.swift */ = {isa = PBXFileReference; lastKnownFileType = sourcecode.swift; path = BaseViewController.swift; sourceTree = "<group>"; };
		9D8E88DB1FFD28C50066A1D9 /* Product.swift */ = {isa = PBXFileReference; lastKnownFileType = sourcecode.swift; path = Product.swift; sourceTree = "<group>"; };
		9D8E88DD1FFD28C50066A1D9 /* UserProfile.swift */ = {isa = PBXFileReference; lastKnownFileType = sourcecode.swift; path = UserProfile.swift; sourceTree = "<group>"; };
		9D8E88DF1FFD2A6F0066A1D9 /* Info.plist */ = {isa = PBXFileReference; lastKnownFileType = text.plist.xml; path = Info.plist; sourceTree = "<group>"; };
		9D8E88E71FFD2A6F0066A1D9 /* en */ = {isa = PBXFileReference; lastKnownFileType = text.plist.strings; name = en; path = en.lproj/Localizable.strings; sourceTree = "<group>"; };
		9D8E88E81FFD2A6F0066A1D9 /* Base */ = {isa = PBXFileReference; lastKnownFileType = text.plist.strings; name = Base; path = Base.lproj/Localizable.strings; sourceTree = "<group>"; };
		9D902BC020171AED00359DFD /* FoodCardsContract.swift */ = {isa = PBXFileReference; fileEncoding = 4; lastKnownFileType = sourcecode.swift; path = FoodCardsContract.swift; sourceTree = "<group>"; };
		9D902BC220171AED00359DFD /* FoodCardsPresenter.swift */ = {isa = PBXFileReference; fileEncoding = 4; lastKnownFileType = sourcecode.swift; path = FoodCardsPresenter.swift; sourceTree = "<group>"; };
		9D902BC420171AED00359DFD /* FoodCardsViewController.swift */ = {isa = PBXFileReference; fileEncoding = 4; lastKnownFileType = sourcecode.swift; path = FoodCardsViewController.swift; sourceTree = "<group>"; };
		9D902BC620171AED00359DFD /* FoodCardsInteractor.swift */ = {isa = PBXFileReference; fileEncoding = 4; lastKnownFileType = sourcecode.swift; path = FoodCardsInteractor.swift; sourceTree = "<group>"; };
		9D902BC820171AED00359DFD /* FoodCardsRouter.swift */ = {isa = PBXFileReference; fileEncoding = 4; lastKnownFileType = sourcecode.swift; path = FoodCardsRouter.swift; sourceTree = "<group>"; };
		9D902BDB201729E300359DFD /* SelectLocationContract.swift */ = {isa = PBXFileReference; fileEncoding = 4; lastKnownFileType = sourcecode.swift; path = SelectLocationContract.swift; sourceTree = "<group>"; };
		9D902BDD201729E300359DFD /* SelectLocationPresenter.swift */ = {isa = PBXFileReference; fileEncoding = 4; lastKnownFileType = sourcecode.swift; path = SelectLocationPresenter.swift; sourceTree = "<group>"; };
		9D902BDF201729E300359DFD /* SelectLocationViewController.swift */ = {isa = PBXFileReference; fileEncoding = 4; lastKnownFileType = sourcecode.swift; path = SelectLocationViewController.swift; sourceTree = "<group>"; };
		9D902BE1201729E300359DFD /* SelectLocationInteractor.swift */ = {isa = PBXFileReference; fileEncoding = 4; lastKnownFileType = sourcecode.swift; path = SelectLocationInteractor.swift; sourceTree = "<group>"; };
		9D902BE3201729E300359DFD /* SelectLocationRouter.swift */ = {isa = PBXFileReference; fileEncoding = 4; lastKnownFileType = sourcecode.swift; path = SelectLocationRouter.swift; sourceTree = "<group>"; };
		9D902BE920172A2F00359DFD /* SelectLocation.storyboard */ = {isa = PBXFileReference; lastKnownFileType = file.storyboard; path = SelectLocation.storyboard; sourceTree = "<group>"; };
		9D902BEB201736B500359DFD /* FoodCards.storyboard */ = {isa = PBXFileReference; lastKnownFileType = file.storyboard; path = FoodCards.storyboard; sourceTree = "<group>"; };
		9D902BED20177EFF00359DFD /* SnapXEats.entitlements */ = {isa = PBXFileReference; lastKnownFileType = text.plist.entitlements; path = SnapXEats.entitlements; sourceTree = "<group>"; };
		9D955D2A2028A91A0007CB01 /* SnapXEatsUserLocation.swift */ = {isa = PBXFileReference; lastKnownFileType = sourcecode.swift; path = SnapXEatsUserLocation.swift; sourceTree = "<group>"; };
		9D9868D62023202B003E82F6 /* Restaurant.swift */ = {isa = PBXFileReference; fileEncoding = 4; lastKnownFileType = sourcecode.swift; path = Restaurant.swift; sourceTree = "<group>"; };
		9DB02A652010805F0061FC0C /* LocationContract.swift */ = {isa = PBXFileReference; fileEncoding = 4; lastKnownFileType = sourcecode.swift; path = LocationContract.swift; sourceTree = "<group>"; };
		9DB02A672010805F0061FC0C /* LocationPresenter.swift */ = {isa = PBXFileReference; fileEncoding = 4; lastKnownFileType = sourcecode.swift; path = LocationPresenter.swift; sourceTree = "<group>"; };
		9DB02A692010805F0061FC0C /* LocationViewController.swift */ = {isa = PBXFileReference; fileEncoding = 4; lastKnownFileType = sourcecode.swift; path = LocationViewController.swift; sourceTree = "<group>"; };
		9DB02A6B2010805F0061FC0C /* LocationInteractor.swift */ = {isa = PBXFileReference; fileEncoding = 4; lastKnownFileType = sourcecode.swift; path = LocationInteractor.swift; sourceTree = "<group>"; };
		9DB02A6D2010805F0061FC0C /* LocationRouter.swift */ = {isa = PBXFileReference; fileEncoding = 4; lastKnownFileType = sourcecode.swift; path = LocationRouter.swift; sourceTree = "<group>"; };
		9DB02A75201084730061FC0C /* Location.storyboard */ = {isa = PBXFileReference; lastKnownFileType = file.storyboard; path = Location.storyboard; sourceTree = "<group>"; };
		9DB7FE0A1FFFAC3800D0E816 /* InstagramViewController.swift */ = {isa = PBXFileReference; lastKnownFileType = sourcecode.swift; path = InstagramViewController.swift; sourceTree = "<group>"; };
		9DB7FE0D2004BC9D00D0E816 /* Network.swift */ = {isa = PBXFileReference; lastKnownFileType = sourcecode.swift; path = Network.swift; sourceTree = "<group>"; };
		9DB7FE102004F0EE00D0E816 /* Alert.swift */ = {isa = PBXFileReference; lastKnownFileType = sourcecode.swift; path = Alert.swift; sourceTree = "<group>"; };
		9DB7FE122005F96A00D0E816 /* Assets.xcassets */ = {isa = PBXFileReference; lastKnownFileType = folder.assetcatalog; path = Assets.xcassets; sourceTree = "<group>"; };
		9DB7FE1420061B1600D0E816 /* Roboto-Regular.ttf */ = {isa = PBXFileReference; lastKnownFileType = file; path = "Roboto-Regular.ttf"; sourceTree = "<group>"; };
		9DB7FE1520061B1600D0E816 /* Roboto-Medium.ttf */ = {isa = PBXFileReference; lastKnownFileType = file; path = "Roboto-Medium.ttf"; sourceTree = "<group>"; };
		9DB7FE1620061B1600D0E816 /* Roboto-Light.ttf */ = {isa = PBXFileReference; lastKnownFileType = file; path = "Roboto-Light.ttf"; sourceTree = "<group>"; };
		9DB7FE1E20061E8C00D0E816 /* BG@3x.png */ = {isa = PBXFileReference; lastKnownFileType = image.png; path = "BG@3x.png"; sourceTree = "<group>"; };
		9DCBE183201EF6F80030A0F9 /* SnapXEatsNetworkManager.swift */ = {isa = PBXFileReference; lastKnownFileType = sourcecode.swift; path = SnapXEatsNetworkManager.swift; sourceTree = "<group>"; };
		9DDC3AEB2035553600A7F181 /* SnapXEatsLoginHelper.swift */ = {isa = PBXFileReference; lastKnownFileType = sourcecode.swift; path = SnapXEatsLoginHelper.swift; sourceTree = "<group>"; };
		9DE7CE482023620500BBBFEC /* UserPreferenceContract.swift */ = {isa = PBXFileReference; fileEncoding = 4; lastKnownFileType = sourcecode.swift; path = UserPreferenceContract.swift; sourceTree = "<group>"; };
		9DE7CE4A2023620500BBBFEC /* UserPreferencePresenter.swift */ = {isa = PBXFileReference; fileEncoding = 4; lastKnownFileType = sourcecode.swift; path = UserPreferencePresenter.swift; sourceTree = "<group>"; };
		9DE7CE4C2023620500BBBFEC /* UserPreferenceViewController.swift */ = {isa = PBXFileReference; fileEncoding = 4; lastKnownFileType = sourcecode.swift; path = UserPreferenceViewController.swift; sourceTree = "<group>"; };
		9DE7CE4E2023620500BBBFEC /* UserPreferenceInteractor.swift */ = {isa = PBXFileReference; fileEncoding = 4; lastKnownFileType = sourcecode.swift; path = UserPreferenceInteractor.swift; sourceTree = "<group>"; };
		9DE7CE502023620500BBBFEC /* UserPreferenceRouter.swift */ = {isa = PBXFileReference; fileEncoding = 4; lastKnownFileType = sourcecode.swift; path = UserPreferenceRouter.swift; sourceTree = "<group>"; };
		C272160BBB123BC8E63B160D /* Pods-SnapXEats.release.xcconfig */ = {isa = PBXFileReference; includeInIndex = 1; lastKnownFileType = text.xcconfig; name = "Pods-SnapXEats.release.xcconfig"; path = "Pods/Target Support Files/Pods-SnapXEats/Pods-SnapXEats.release.xcconfig"; sourceTree = "<group>"; };
/* End PBXFileReference section */

/* Begin PBXFrameworksBuildPhase section */
		9D8E88611FFD27F30066A1D9 /* Frameworks */ = {
			isa = PBXFrameworksBuildPhase;
			buildActionMask = 2147483647;
			files = (
				CE64A9A86226702DB23DF92F /* Pods_SnapXEats.framework in Frameworks */,
			);
			runOnlyForDeploymentPostprocessing = 0;
		};
		9D8E88751FFD27F30066A1D9 /* Frameworks */ = {
			isa = PBXFrameworksBuildPhase;
			buildActionMask = 2147483647;
			files = (
			);
			runOnlyForDeploymentPostprocessing = 0;
		};
/* End PBXFrameworksBuildPhase section */

/* Begin PBXGroup section */
		3FE704FDD43D397EAB86362C /* Pods */ = {
			isa = PBXGroup;
			children = (
				18C81282DCA92A76FE981E2D /* Pods-SnapXEats.debug.xcconfig */,
				C272160BBB123BC8E63B160D /* Pods-SnapXEats.release.xcconfig */,
			);
			name = Pods;
			sourceTree = "<group>";
		};
		7E5C057B2017A6A3000B5C33 /* SelectLocationCells */ = {
			isa = PBXGroup;
			children = (
				7E5C057C2017A6DC000B5C33 /* SavedLocationTableViewCell.swift */,
				7E5C057D2017A6DC000B5C33 /* SavedLocationTableViewCell.xib */,
				7E5C058020185F34000B5C33 /* SavedAddressHeaderViewCell.swift */,
				7E5C058120185F34000B5C33 /* SavedAddressHeaderViewCell.xib */,
				7E5946952020BD02006702AF /* SearchPlacesTableViewCell.swift */,
				7E5946962020BD02006702AF /* SearchPlacesTableViewCell.xib */,
			);
			path = SelectLocationCells;
			sourceTree = "<group>";
		};
		7E71FC022022CC6800CA8467 /* External Libraries */ = {
			isa = PBXGroup;
			children = (
				7E71FC032022CCAD00CA8467 /* KYDrawer */,
			);
			path = "External Libraries";
			sourceTree = "<group>";
		};
		7E71FC032022CCAD00CA8467 /* KYDrawer */ = {
			isa = PBXGroup;
			children = (
				7E71FC042022CCAD00CA8467 /* KYDrawerController.swift */,
				7E71FC052022CCAD00CA8467 /* KYEmbedDrawerControllerSegue.swift */,
				7E71FC062022CCAD00CA8467 /* KYEmbedMainControllerSegue.swift */,
			);
			path = KYDrawer;
			sourceTree = "<group>";
		};
		7E71FC162022ECE100CA8467 /* TableviewCells */ = {
			isa = PBXGroup;
			children = (
				7E71FC172022ECE100CA8467 /* NavigationMenuTableViewCell.swift */,
				7E71FC182022ECE100CA8467 /* NavigationMenuTableViewCell.xib */,
			);
			path = TableviewCells;
			sourceTree = "<group>";
		};
		7E791F152032CA8F00FA887D /* CustomCells */ = {
			isa = PBXGroup;
			children = (
				7E791F162032CAB800FA887D /* PreferenceTypeCollectionViewCell.swift */,
				7E791F172032CAB800FA887D /* PreferenceTypeCollectionViewCell.xib */,
			);
			path = CustomCells;
			sourceTree = "<group>";
		};
		7E791F1A2032D8C100FA887D /* Model */ = {
			isa = PBXGroup;
			children = (
				7E791F1B2032D8D600FA887D /* PreferenceItem.swift */,
			);
			path = Model;
			sourceTree = "<group>";
		};
		7EAC860E201A061D00DE162A /* CustomView */ = {
			isa = PBXGroup;
			children = (
				7EAC860F201A066B00DE162A /* FoodCardView.swift */,
				7EAC8611201A067A00DE162A /* FoodCardView.xib */,
			);
			path = CustomView;
			sourceTree = "<group>";
		};
		9D0D712D203AAE1F0077FA7A /* RestaurantDetails */ = {
			isa = PBXGroup;
			children = (
				9D0D712E203AAE1F0077FA7A /* Contract */,
				9D0D7130203AAE1F0077FA7A /* Presenter */,
				9D0D7132203AAE1F0077FA7A /* View */,
				9D0D7134203AAE1F0077FA7A /* Interactor */,
				9D0D7136203AAE1F0077FA7A /* Router */,
			);
			path = RestaurantDetails;
			sourceTree = "<group>";
		};
		9D0D712E203AAE1F0077FA7A /* Contract */ = {
			isa = PBXGroup;
			children = (
				9D0D712F203AAE1F0077FA7A /* RestaurantDetailsContract.swift */,
			);
			path = Contract;
			sourceTree = "<group>";
		};
		9D0D7130203AAE1F0077FA7A /* Presenter */ = {
			isa = PBXGroup;
			children = (
				9D0D7131203AAE1F0077FA7A /* RestaurantDetailsPresenter.swift */,
			);
			path = Presenter;
			sourceTree = "<group>";
		};
		9D0D7132203AAE1F0077FA7A /* View */ = {
			isa = PBXGroup;
			children = (
				9D0D7133203AAE1F0077FA7A /* RestaurantDetailsViewController.swift */,
				7E5E7FC1203AD11200009A56 /* RestaurantDetails.storyboard */,
			);
			path = View;
			sourceTree = "<group>";
		};
		9D0D7134203AAE1F0077FA7A /* Interactor */ = {
			isa = PBXGroup;
			children = (
				9D0D7135203AAE1F0077FA7A /* RestaurantDetailsInteractor.swift */,
			);
			path = Interactor;
			sourceTree = "<group>";
		};
		9D0D7136203AAE1F0077FA7A /* Router */ = {
			isa = PBXGroup;
			children = (
				9D0D7137203AAE1F0077FA7A /* RestaurantDetailsRouter.swift */,
			);
			path = Router;
			sourceTree = "<group>";
		};
		9D2C484B2020709600FD8B1C /* Model */ = {
			isa = PBXGroup;
			children = (
				9D3FC4D72011C94A001A4264 /* CuisinePreference.swift */,
				9D2C484C202073A700FD8B1C /* SelectedPreference.swift */,
			);
			path = Model;
			sourceTree = "<group>";
		};
		9D3FC4DD20120BBC001A4264 /* CuisineCell */ = {
			isa = PBXGroup;
			children = (
				9D3FC4DA2011E34D001A4264 /* CuisineCollectionViewCell.xib */,
				9D3FC4D92011E34D001A4264 /* CuisineCollectionViewCell.swift */,
			);
			path = CuisineCell;
			sourceTree = "<group>";
		};
		9D8E885B1FFD27F30066A1D9 = {
			isa = PBXGroup;
			children = (
				9D8E88871FFD28C50066A1D9 /* SnapXEats */,
				9D8E88E41FFD2A6F0066A1D9 /* Assets */,
				9D8E88E01FFD2A6F0066A1D9 /* Resources */,
				9D8E887B1FFD27F30066A1D9 /* SnapXEatsTests */,
				9D8E88651FFD27F30066A1D9 /* Products */,
				3FE704FDD43D397EAB86362C /* Pods */,
				B29705C62477A6A310B7D943 /* Frameworks */,
			);
			sourceTree = "<group>";
		};
		9D8E88651FFD27F30066A1D9 /* Products */ = {
			isa = PBXGroup;
			children = (
				9D8E88641FFD27F30066A1D9 /* SnapXEats.app */,
				9D8E88781FFD27F30066A1D9 /* SnapXEatsTests.xctest */,
			);
			name = Products;
			sourceTree = "<group>";
		};
		9D8E887B1FFD27F30066A1D9 /* SnapXEatsTests */ = {
			isa = PBXGroup;
			children = (
				9D8E887C1FFD27F30066A1D9 /* SnapXEatsTests.swift */,
				9D8E887E1FFD27F30066A1D9 /* Info.plist */,
			);
			path = SnapXEatsTests;
			sourceTree = "<group>";
		};
		9D8E88871FFD28C50066A1D9 /* SnapXEats */ = {
			isa = PBXGroup;
			children = (
				9D902BED20177EFF00359DFD /* SnapXEats.entitlements */,
				7E71FC022022CC6800CA8467 /* External Libraries */,
				9D8E88BB1FFD28C50066A1D9 /* Application */,
				9D8E88BF1FFD28C50066A1D9 /* Modules */,
				9D8E88D91FFD28C50066A1D9 /* Entities */,
				9D8E888C1FFD28C50066A1D9 /* Utils */,
				9D8E88DF1FFD2A6F0066A1D9 /* Info.plist */,
				9DB7FE122005F96A00D0E816 /* Assets.xcassets */,
			);
			path = SnapXEats;
			sourceTree = "<group>";
		};
		9D8E888C1FFD28C50066A1D9 /* Utils */ = {
			isa = PBXGroup;
			children = (
				9DB7FE0F2004F0E100D0E816 /* Alert */,
				9DB7FE0C2004BC8800D0E816 /* Network */,
				9D8E888D1FFD28C50066A1D9 /* Constants */,
				9D8E888F1FFD28C50066A1D9 /* Delegate */,
				9D8E88911FFD28C50066A1D9 /* Extensions */,
				9D8E88A21FFD28C50066A1D9 /* IBDesignables */,
				9D8E88A71FFD28C50066A1D9 /* UIViews */,
				9D8E88AF1FFD28C50066A1D9 /* DataManagers */,
				9D8E88B41FFD28C50066A1D9 /* Protocols */,
				9D8E88B81FFD28C50066A1D9 /* Helpers */,
			);
			path = Utils;
			sourceTree = "<group>";
		};
		9D8E888D1FFD28C50066A1D9 /* Constants */ = {
			isa = PBXGroup;
			children = (
				9D3D1CDF2006479500AAAB95 /* SnapXConstants.swift */,
				9D8E888E1FFD28C50066A1D9 /* Constants.swift */,
			);
			path = Constants;
			sourceTree = "<group>";
		};
		9D8E888F1FFD28C50066A1D9 /* Delegate */ = {
			isa = PBXGroup;
			children = (
				9D8E88901FFD28C50066A1D9 /* PlainButtonCellDelegate.swift */,
			);
			path = Delegate;
			sourceTree = "<group>";
		};
		9D8E88911FFD28C50066A1D9 /* Extensions */ = {
			isa = PBXGroup;
			children = (
				9D8E88921FFD28C50066A1D9 /* UIImage+Icons.swift */,
				9D8E88931FFD28C50066A1D9 /* UIView.swift */,
				9D8E88941FFD28C50066A1D9 /* UIFont+Utils.swift */,
				9D8E88951FFD28C50066A1D9 /* UITextField+Border.swift */,
				9D8E88961FFD28C50066A1D9 /* UICollectionView.swift */,
				9D8E88971FFD28C50066A1D9 /* DataResponse.swift */,
				9D8E88981FFD28C50066A1D9 /* Results.swift */,
				9D8E88991FFD28C50066A1D9 /* UITableView.swift */,
				9D8E889A1FFD28C50066A1D9 /* UITableViewCell.swift */,
				9D8E889B1FFD28C50066A1D9 /* String.swift */,
				9D8E889C1FFD28C50066A1D9 /* UIViewController.swift */,
				9D8E889D1FFD28C50066A1D9 /* UIColor+Pallet.swift */,
				9D8E889E1FFD28C50066A1D9 /* Double.swift */,
				9D8E889F1FFD28C50066A1D9 /* UIAlertController.swift */,
				9D8E88A01FFD28C50066A1D9 /* UICollectionViewCell.swift */,
				9D8E88A11FFD28C50066A1D9 /* UIStoryboard.swift */,
				7E5C058420186846000B5C33 /* UISearchbar+helper.swift */,
			);
			path = Extensions;
			sourceTree = "<group>";
		};
		9D8E88A21FFD28C50066A1D9 /* IBDesignables */ = {
			isa = PBXGroup;
			children = (
				9D8E88A31FFD28C50066A1D9 /* ValidableUILabel.swift */,
				9D8E88A41FFD28C50066A1D9 /* RoundedTextField.swift */,
				9D8E88A51FFD28C50066A1D9 /* RoundedPinkButton.swift */,
				9D8E88A61FFD28C50066A1D9 /* SimpleCircle.swift */,
			);
			path = IBDesignables;
			sourceTree = "<group>";
		};
		9D8E88A71FFD28C50066A1D9 /* UIViews */ = {
			isa = PBXGroup;
			children = (
				9D8E88A81FFD28C50066A1D9 /* TableViewCells */,
			);
			path = UIViews;
			sourceTree = "<group>";
		};
		9D8E88A81FFD28C50066A1D9 /* TableViewCells */ = {
			isa = PBXGroup;
			children = (
				9D8E88A91FFD28C50066A1D9 /* PlainButtonCell */,
				9D8E88AC1FFD28C50066A1D9 /* SectionHeaderLabelCell */,
			);
			path = TableViewCells;
			sourceTree = "<group>";
		};
		9D8E88A91FFD28C50066A1D9 /* PlainButtonCell */ = {
			isa = PBXGroup;
			children = (
				9D8E88AA1FFD28C50066A1D9 /* PlainButtonCell.swift */,
			);
			path = PlainButtonCell;
			sourceTree = "<group>";
		};
		9D8E88AC1FFD28C50066A1D9 /* SectionHeaderLabelCell */ = {
			isa = PBXGroup;
			children = (
				9D8E88AD1FFD28C50066A1D9 /* SectionHeaderLabelCell.swift */,
			);
			path = SectionHeaderLabelCell;
			sourceTree = "<group>";
		};
		9D8E88AF1FFD28C50066A1D9 /* DataManagers */ = {
			isa = PBXGroup;
			children = (
				9D8E88B01FFD28C50066A1D9 /* Local */,
				9D8E88B21FFD28C50066A1D9 /* Api */,
			);
			path = DataManagers;
			sourceTree = "<group>";
		};
		9D8E88B01FFD28C50066A1D9 /* Local */ = {
			isa = PBXGroup;
			children = (
				9D8E88B11FFD28C50066A1D9 /* ProfileLocalDataManager.swift */,
			);
			path = Local;
			sourceTree = "<group>";
		};
		9D8E88B21FFD28C50066A1D9 /* Api */ = {
			isa = PBXGroup;
			children = (
				9D8E88B31FFD28C50066A1D9 /* ProfileApiDataManager.swift */,
			);
			path = Api;
			sourceTree = "<group>";
		};
		9D8E88B41FFD28C50066A1D9 /* Protocols */ = {
			isa = PBXGroup;
			children = (
				9D8E88B51FFD28C50066A1D9 /* StoryboardLoadable.swift */,
				9D8E88B61FFD28C50066A1D9 /* NibLoadableView.swift */,
				9D8E88B71FFD28C50066A1D9 /* ReusableView.swift */,
			);
			path = Protocols;
			sourceTree = "<group>";
		};
		9D8E88B81FFD28C50066A1D9 /* Helpers */ = {
			isa = PBXGroup;
			children = (
				9D8E88BA1FFD28C50066A1D9 /* ValidatorHelper.swift */,
				9DDC3AEB2035553600A7F181 /* SnapXEatsLoginHelper.swift */,
			);
			path = Helpers;
			sourceTree = "<group>";
		};
		9D8E88BB1FFD28C50066A1D9 /* Application */ = {
			isa = PBXGroup;
			children = (
				9D8E88BC1FFD28C50066A1D9 /* FlashScreen.storyboard */,
				9D8E88BD1FFD28C50066A1D9 /* RootRouter.swift */,
				9D8E88BE1FFD28C50066A1D9 /* AppDelegate.swift */,
				9D955D2A2028A91A0007CB01 /* SnapXEatsUserLocation.swift */,
			);
			path = Application;
			sourceTree = "<group>";
		};
		9D8E88BF1FFD28C50066A1D9 /* Modules */ = {
			isa = PBXGroup;
			children = (
				9D8E88C01FFD28C50066A1D9 /* Login */,
				9DB02A632010805F0061FC0C /* Location */,
				9D902BD9201729E300359DFD /* SelectLocation */,
				9D902BBE20171AED00359DFD /* FoodCards */,
				9D0D712D203AAE1F0077FA7A /* RestaurantDetails */,
				9DE7CE462023620500BBBFEC /* UserPrefernce */,
				9D8E88CD1FFD28C50066A1D9 /* Base */,
			);
			path = Modules;
			sourceTree = "<group>";
		};
		9D8E88C01FFD28C50066A1D9 /* Login */ = {
			isa = PBXGroup;
			children = (
				9D8E88C11FFD28C50066A1D9 /* Contract */,
				9D8E88C31FFD28C50066A1D9 /* Presenter */,
				9D8E88C51FFD28C50066A1D9 /* View */,
				9D8E88C81FFD28C50066A1D9 /* Interactor */,
				9D8E88CA1FFD28C50066A1D9 /* Router */,
			);
			path = Login;
			sourceTree = "<group>";
		};
		9D8E88C11FFD28C50066A1D9 /* Contract */ = {
			isa = PBXGroup;
			children = (
				9D8E88C21FFD28C50066A1D9 /* LoginContract.swift */,
			);
			path = Contract;
			sourceTree = "<group>";
		};
		9D8E88C31FFD28C50066A1D9 /* Presenter */ = {
			isa = PBXGroup;
			children = (
				9D8E88C41FFD28C50066A1D9 /* LoginPresenter.swift */,
			);
			path = Presenter;
			sourceTree = "<group>";
		};
		9D8E88C51FFD28C50066A1D9 /* View */ = {
			isa = PBXGroup;
			children = (
				9D8E88C61FFD28C50066A1D9 /* Login.storyboard */,
				9D8E88C71FFD28C50066A1D9 /* LoginViewController.swift */,
				9DB7FE0A1FFFAC3800D0E816 /* InstagramViewController.swift */,
			);
			path = View;
			sourceTree = "<group>";
		};
		9D8E88C81FFD28C50066A1D9 /* Interactor */ = {
			isa = PBXGroup;
			children = (
				9D8E88C91FFD28C50066A1D9 /* LoginInteractor.swift */,
			);
			path = Interactor;
			sourceTree = "<group>";
		};
		9D8E88CA1FFD28C50066A1D9 /* Router */ = {
			isa = PBXGroup;
			children = (
				9D8E88CB1FFD28C50066A1D9 /* LoginRouter.swift */,
			);
			path = Router;
			sourceTree = "<group>";
		};
		9D8E88CD1FFD28C50066A1D9 /* Base */ = {
			isa = PBXGroup;
			children = (
				9D8E88CE1FFD28C50066A1D9 /* Contract */,
				9D8E88D01FFD28C50066A1D9 /* View */,
			);
			path = Base;
			sourceTree = "<group>";
		};
		9D8E88CE1FFD28C50066A1D9 /* Contract */ = {
			isa = PBXGroup;
			children = (
				9D8E88CF1FFD28C50066A1D9 /* BaseContract.swift */,
			);
			path = Contract;
			sourceTree = "<group>";
		};
		9D8E88D01FFD28C50066A1D9 /* View */ = {
			isa = PBXGroup;
			children = (
				9D8E88D11FFD28C50066A1D9 /* BaseViewController.swift */,
			);
			path = View;
			sourceTree = "<group>";
		};
		9D8E88D91FFD28C50066A1D9 /* Entities */ = {
			isa = PBXGroup;
			children = (
				9DDC3AF020358E9600A7F181 /* Login */,
				9D8E88DA1FFD28C50066A1D9 /* Product */,
				9D8E88DC1FFD28C50066A1D9 /* UserProfile */,
			);
			path = Entities;
			sourceTree = "<group>";
		};
		9D8E88DA1FFD28C50066A1D9 /* Product */ = {
			isa = PBXGroup;
			children = (
				9D8E88DB1FFD28C50066A1D9 /* Product.swift */,
			);
			path = Product;
			sourceTree = "<group>";
		};
		9D8E88DC1FFD28C50066A1D9 /* UserProfile */ = {
			isa = PBXGroup;
			children = (
				9D8E88DD1FFD28C50066A1D9 /* UserProfile.swift */,
			);
			path = UserProfile;
			sourceTree = "<group>";
		};
		9D8E88E01FFD2A6F0066A1D9 /* Resources */ = {
			isa = PBXGroup;
			children = (
				7EAC86082019C7E300DE162A /* foodCard1.jpg */,
				7EAC86062019C7E200DE162A /* foodCard2.jpg */,
				7EAC86052019C7E200DE162A /* foodCard3.jpg */,
				7EAC86072019C7E300DE162A /* foodCard4.jpg */,
				7E7A6E592036D2EE0026C305 /* SnapX_White.png */,
				9DB7FE1E20061E8C00D0E816 /* BG@3x.png */,
				9DB7FE1620061B1600D0E816 /* Roboto-Light.ttf */,
				9DB7FE1520061B1600D0E816 /* Roboto-Medium.ttf */,
				9DB7FE1420061B1600D0E816 /* Roboto-Regular.ttf */,
				7E5C058620186C1A000B5C33 /* roboto.bold.ttf */,
			);
			path = Resources;
			sourceTree = "<group>";
		};
		9D8E88E41FFD2A6F0066A1D9 /* Assets */ = {
			isa = PBXGroup;
			children = (
				9D8E88E51FFD2A6F0066A1D9 /* Strings */,
				9D8E88E91FFD2A6F0066A1D9 /* Images */,
			);
			path = Assets;
			sourceTree = "<group>";
		};
		9D8E88E51FFD2A6F0066A1D9 /* Strings */ = {
			isa = PBXGroup;
			children = (
				9D8E88E61FFD2A6F0066A1D9 /* Localizable.strings */,
			);
			path = Strings;
			sourceTree = "<group>";
		};
		9D8E88E91FFD2A6F0066A1D9 /* Images */ = {
			isa = PBXGroup;
			children = (
			);
			path = Images;
			sourceTree = "<group>";
		};
		9D902BBE20171AED00359DFD /* FoodCards */ = {
			isa = PBXGroup;
			children = (
				9D902BBF20171AED00359DFD /* Contract */,
				9D902BC120171AED00359DFD /* Presenter */,
				9D902BC320171AED00359DFD /* View */,
				9D902BC520171AED00359DFD /* Interactor */,
				9D902BC720171AED00359DFD /* Router */,
			);
			path = FoodCards;
			sourceTree = "<group>";
		};
		9D902BBF20171AED00359DFD /* Contract */ = {
			isa = PBXGroup;
			children = (
				9D902BC020171AED00359DFD /* FoodCardsContract.swift */,
			);
			path = Contract;
			sourceTree = "<group>";
		};
		9D902BC120171AED00359DFD /* Presenter */ = {
			isa = PBXGroup;
			children = (
				9D902BC220171AED00359DFD /* FoodCardsPresenter.swift */,
			);
			path = Presenter;
			sourceTree = "<group>";
		};
		9D902BC320171AED00359DFD /* View */ = {
			isa = PBXGroup;
			children = (
				7E71FC162022ECE100CA8467 /* TableviewCells */,
				7EAC860E201A061D00DE162A /* CustomView */,
				9D902BEB201736B500359DFD /* FoodCards.storyboard */,
				9D902BC420171AED00359DFD /* FoodCardsViewController.swift */,
				7E71FC0E2022CDC200CA8467 /* DrawerViewController.swift */,
			);
			path = View;
			sourceTree = "<group>";
		};
		9D902BC520171AED00359DFD /* Interactor */ = {
			isa = PBXGroup;
			children = (
				9D9868D520232018003E82F6 /* Model */,
				9D902BC620171AED00359DFD /* FoodCardsInteractor.swift */,
			);
			path = Interactor;
			sourceTree = "<group>";
		};
		9D902BC720171AED00359DFD /* Router */ = {
			isa = PBXGroup;
			children = (
				9D902BC820171AED00359DFD /* FoodCardsRouter.swift */,
			);
			path = Router;
			sourceTree = "<group>";
		};
		9D902BD9201729E300359DFD /* SelectLocation */ = {
			isa = PBXGroup;
			children = (
				9D902BDA201729E300359DFD /* Contract */,
				9D902BDC201729E300359DFD /* Presenter */,
				9D902BDE201729E300359DFD /* View */,
				9D902BE0201729E300359DFD /* Interactor */,
				9D902BE2201729E300359DFD /* Router */,
			);
			path = SelectLocation;
			sourceTree = "<group>";
		};
		9D902BDA201729E300359DFD /* Contract */ = {
			isa = PBXGroup;
			children = (
				9D902BDB201729E300359DFD /* SelectLocationContract.swift */,
			);
			path = Contract;
			sourceTree = "<group>";
		};
		9D902BDC201729E300359DFD /* Presenter */ = {
			isa = PBXGroup;
			children = (
				9D902BDD201729E300359DFD /* SelectLocationPresenter.swift */,
			);
			path = Presenter;
			sourceTree = "<group>";
		};
		9D902BDE201729E300359DFD /* View */ = {
			isa = PBXGroup;
			children = (
				7E5C057B2017A6A3000B5C33 /* SelectLocationCells */,
				9D902BE920172A2F00359DFD /* SelectLocation.storyboard */,
				9D902BDF201729E300359DFD /* SelectLocationViewController.swift */,
			);
			path = View;
			sourceTree = "<group>";
		};
		9D902BE0201729E300359DFD /* Interactor */ = {
			isa = PBXGroup;
			children = (
				9D902BE1201729E300359DFD /* SelectLocationInteractor.swift */,
				7E6FD41B2020A00F0058BFB8 /* SearchPlacePredictions.swift */,
				7E9C0B902021DC5700BA999E /* SnapXEatsLocation.swift */,
			);
			path = Interactor;
			sourceTree = "<group>";
		};
		9D902BE2201729E300359DFD /* Router */ = {
			isa = PBXGroup;
			children = (
				9D902BE3201729E300359DFD /* SelectLocationRouter.swift */,
			);
			path = Router;
			sourceTree = "<group>";
		};
		9D9868D520232018003E82F6 /* Model */ = {
			isa = PBXGroup;
			children = (
				9D9868D62023202B003E82F6 /* Restaurant.swift */,
			);
			path = Model;
			sourceTree = "<group>";
		};
		9DB02A632010805F0061FC0C /* Location */ = {
			isa = PBXGroup;
			children = (
				9DB02A642010805F0061FC0C /* Contract */,
				9DB02A662010805F0061FC0C /* Presenter */,
				9DB02A682010805F0061FC0C /* View */,
				9DB02A6A2010805F0061FC0C /* Interactor */,
				9DB02A6C2010805F0061FC0C /* Router */,
			);
			path = Location;
			sourceTree = "<group>";
		};
		9DB02A642010805F0061FC0C /* Contract */ = {
			isa = PBXGroup;
			children = (
				9DB02A652010805F0061FC0C /* LocationContract.swift */,
			);
			path = Contract;
			sourceTree = "<group>";
		};
		9DB02A662010805F0061FC0C /* Presenter */ = {
			isa = PBXGroup;
			children = (
				9DB02A672010805F0061FC0C /* LocationPresenter.swift */,
			);
			path = Presenter;
			sourceTree = "<group>";
		};
		9DB02A682010805F0061FC0C /* View */ = {
			isa = PBXGroup;
			children = (
				9D3FC4DD20120BBC001A4264 /* CuisineCell */,
				9DB02A75201084730061FC0C /* Location.storyboard */,
				9DB02A692010805F0061FC0C /* LocationViewController.swift */,
			);
			path = View;
			sourceTree = "<group>";
		};
		9DB02A6A2010805F0061FC0C /* Interactor */ = {
			isa = PBXGroup;
			children = (
				9D2C484B2020709600FD8B1C /* Model */,
				9DB02A6B2010805F0061FC0C /* LocationInteractor.swift */,
			);
			path = Interactor;
			sourceTree = "<group>";
		};
		9DB02A6C2010805F0061FC0C /* Router */ = {
			isa = PBXGroup;
			children = (
				9DB02A6D2010805F0061FC0C /* LocationRouter.swift */,
			);
			path = Router;
			sourceTree = "<group>";
		};
		9DB7FE0C2004BC8800D0E816 /* Network */ = {
			isa = PBXGroup;
			children = (
				9DB7FE0D2004BC9D00D0E816 /* Network.swift */,
				9D8095702015E5200077F84B /* SnapXEatsApi.swift */,
				9DCBE183201EF6F80030A0F9 /* SnapXEatsNetworkManager.swift */,
			);
			path = Network;
			sourceTree = "<group>";
		};
		9DB7FE0F2004F0E100D0E816 /* Alert */ = {
			isa = PBXGroup;
			children = (
				9DB7FE102004F0EE00D0E816 /* Alert.swift */,
			);
			path = Alert;
			sourceTree = "<group>";
		};
		9DDC3AF020358E9600A7F181 /* Login */ = {
			isa = PBXGroup;
			children = (
				9D0D712B203859C80077FA7A /* UserLogin.swift */,
			);
			path = Login;
			sourceTree = "<group>";
		};
		9DE7CE462023620500BBBFEC /* UserPrefernce */ = {
			isa = PBXGroup;
			children = (
				9DE7CE472023620500BBBFEC /* Contract */,
				9DE7CE492023620500BBBFEC /* Presenter */,
				9DE7CE4B2023620500BBBFEC /* View */,
				9DE7CE4D2023620500BBBFEC /* Interactor */,
				9DE7CE4F2023620500BBBFEC /* Router */,
			);
			path = UserPrefernce;
			sourceTree = "<group>";
		};
		9DE7CE472023620500BBBFEC /* Contract */ = {
			isa = PBXGroup;
			children = (
				9DE7CE482023620500BBBFEC /* UserPreferenceContract.swift */,
			);
			path = Contract;
			sourceTree = "<group>";
		};
		9DE7CE492023620500BBBFEC /* Presenter */ = {
			isa = PBXGroup;
			children = (
				9DE7CE4A2023620500BBBFEC /* UserPreferencePresenter.swift */,
			);
			path = Presenter;
			sourceTree = "<group>";
		};
		9DE7CE4B2023620500BBBFEC /* View */ = {
			isa = PBXGroup;
			children = (
				7E791F152032CA8F00FA887D /* CustomCells */,
				7E0CBBB4202435E4009E56AE /* UserPreference.storyboard */,
				9DE7CE4C2023620500BBBFEC /* UserPreferenceViewController.swift */,
				7E791F112032B4A500FA887D /* CuisineAndFoodPreferencesViewController.swift */,
			);
			path = View;
			sourceTree = "<group>";
		};
		9DE7CE4D2023620500BBBFEC /* Interactor */ = {
			isa = PBXGroup;
			children = (
				7E791F1A2032D8C100FA887D /* Model */,
				9DE7CE4E2023620500BBBFEC /* UserPreferenceInteractor.swift */,
			);
			path = Interactor;
			sourceTree = "<group>";
		};
		9DE7CE4F2023620500BBBFEC /* Router */ = {
			isa = PBXGroup;
			children = (
				9DE7CE502023620500BBBFEC /* UserPreferenceRouter.swift */,
			);
			path = Router;
			sourceTree = "<group>";
		};
		B29705C62477A6A310B7D943 /* Frameworks */ = {
			isa = PBXGroup;
			children = (
				967BD01B1CEED06931835CA3 /* Pods_SnapXEats.framework */,
			);
			name = Frameworks;
			sourceTree = "<group>";
		};
/* End PBXGroup section */

/* Begin PBXNativeTarget section */
		9D8E88631FFD27F30066A1D9 /* SnapXEats */ = {
			isa = PBXNativeTarget;
			buildConfigurationList = 9D8E88811FFD27F30066A1D9 /* Build configuration list for PBXNativeTarget "SnapXEats" */;
			buildPhases = (
				AE9936595A0E584512D53DE9 /* [CP] Check Pods Manifest.lock */,
				9D8E88601FFD27F30066A1D9 /* Sources */,
				9D8E88611FFD27F30066A1D9 /* Frameworks */,
				9D8E88621FFD27F30066A1D9 /* Resources */,
				448A21BB4E42ABD5B7A0D37A /* [CP] Embed Pods Frameworks */,
				E811EA526530A1EF6C7BD23E /* [CP] Copy Pods Resources */,
			);
			buildRules = (
			);
			dependencies = (
			);
			name = SnapXEats;
			productName = SnapXEats;
			productReference = 9D8E88641FFD27F30066A1D9 /* SnapXEats.app */;
			productType = "com.apple.product-type.application";
		};
		9D8E88771FFD27F30066A1D9 /* SnapXEatsTests */ = {
			isa = PBXNativeTarget;
			buildConfigurationList = 9D8E88841FFD27F30066A1D9 /* Build configuration list for PBXNativeTarget "SnapXEatsTests" */;
			buildPhases = (
				9D8E88741FFD27F30066A1D9 /* Sources */,
				9D8E88751FFD27F30066A1D9 /* Frameworks */,
				9D8E88761FFD27F30066A1D9 /* Resources */,
			);
			buildRules = (
			);
			dependencies = (
				9D8E887A1FFD27F30066A1D9 /* PBXTargetDependency */,
			);
			name = SnapXEatsTests;
			productName = SnapXEatsTests;
			productReference = 9D8E88781FFD27F30066A1D9 /* SnapXEatsTests.xctest */;
			productType = "com.apple.product-type.bundle.unit-test";
		};
/* End PBXNativeTarget section */

/* Begin PBXProject section */
		9D8E885C1FFD27F30066A1D9 /* Project object */ = {
			isa = PBXProject;
			attributes = {
				LastSwiftUpdateCheck = 0900;
				LastUpgradeCheck = 0900;
				ORGANIZATIONNAME = SnapXEats;
				TargetAttributes = {
					9D8E88631FFD27F30066A1D9 = {
						CreatedOnToolsVersion = 9.0;
						ProvisioningStyle = Automatic;
						SystemCapabilities = {
							com.apple.Keychain = {
								enabled = 1;
							};
						};
					};
					9D8E88771FFD27F30066A1D9 = {
						CreatedOnToolsVersion = 9.0;
						ProvisioningStyle = Automatic;
						TestTargetID = 9D8E88631FFD27F30066A1D9;
					};
				};
			};
			buildConfigurationList = 9D8E885F1FFD27F30066A1D9 /* Build configuration list for PBXProject "SnapXEats" */;
			compatibilityVersion = "Xcode 8.0";
			developmentRegion = en;
			hasScannedForEncodings = 0;
			knownRegions = (
				en,
				Base,
			);
			mainGroup = 9D8E885B1FFD27F30066A1D9;
			productRefGroup = 9D8E88651FFD27F30066A1D9 /* Products */;
			projectDirPath = "";
			projectRoot = "";
			targets = (
				9D8E88631FFD27F30066A1D9 /* SnapXEats */,
				9D8E88771FFD27F30066A1D9 /* SnapXEatsTests */,
			);
		};
/* End PBXProject section */

/* Begin PBXResourcesBuildPhase section */
		9D8E88621FFD27F30066A1D9 /* Resources */ = {
			isa = PBXResourcesBuildPhase;
			buildActionMask = 2147483647;
			files = (
				7E5C058720186C36000B5C33 /* roboto.bold.ttf in Resources */,
				7EAC86092019C7E300DE162A /* foodCard3.jpg in Resources */,
				7E5946982020BD02006702AF /* SearchPlacesTableViewCell.xib in Resources */,
				7EAC860B2019C7E300DE162A /* foodCard4.jpg in Resources */,
				9DB7FE1720061B6200D0E816 /* Roboto-Light.ttf in Resources */,
				7E5E7FC2203AD11200009A56 /* RestaurantDetails.storyboard in Resources */,
				9DB7FE1820061B6200D0E816 /* Roboto-Medium.ttf in Resources */,
				9DB7FE1920061B6200D0E816 /* Roboto-Regular.ttf in Resources */,
				9DB02A76201084730061FC0C /* Location.storyboard in Resources */,
				7E5C058320185F34000B5C33 /* SavedAddressHeaderViewCell.xib in Resources */,
				7E71FC1B2022ECE100CA8467 /* NavigationMenuTableViewCell.xib in Resources */,
				9D902BEC201736B500359DFD /* FoodCards.storyboard in Resources */,
				9D902BEA20172A2F00359DFD /* SelectLocation.storyboard in Resources */,
				7EAC8612201A067A00DE162A /* FoodCardView.xib in Resources */,
				7E0CBBB5202435E4009E56AE /* UserPreference.storyboard in Resources */,
				7EAC860C2019C7E300DE162A /* foodCard1.jpg in Resources */,
				9D3FC4DC2011E34D001A4264 /* CuisineCollectionViewCell.xib in Resources */,
				9DEB5CF71FFE6D49003B9D4B /* FlashScreen.storyboard in Resources */,
				7E5C057F2017A6DC000B5C33 /* SavedLocationTableViewCell.xib in Resources */,
				9DEB5CF81FFE6D49003B9D4B /* Login.storyboard in Resources */,
				7E7A6E5A2036D2EE0026C305 /* SnapX_White.png in Resources */,
				7EAC860A2019C7E300DE162A /* foodCard2.jpg in Resources */,
				7E791F192032CAB800FA887D /* PreferenceTypeCollectionViewCell.xib in Resources */,
				9DB7FE1F20061E8C00D0E816 /* BG@3x.png in Resources */,
				9DB7FE132005F96A00D0E816 /* Assets.xcassets in Resources */,
			);
			runOnlyForDeploymentPostprocessing = 0;
		};
		9D8E88761FFD27F30066A1D9 /* Resources */ = {
			isa = PBXResourcesBuildPhase;
			buildActionMask = 2147483647;
			files = (
			);
			runOnlyForDeploymentPostprocessing = 0;
		};
/* End PBXResourcesBuildPhase section */

/* Begin PBXShellScriptBuildPhase section */
		448A21BB4E42ABD5B7A0D37A /* [CP] Embed Pods Frameworks */ = {
			isa = PBXShellScriptBuildPhase;
			buildActionMask = 2147483647;
			files = (
			);
			inputPaths = (
				"${SRCROOT}/Pods/Target Support Files/Pods-SnapXEats/Pods-SnapXEats-frameworks.sh",
				"${BUILT_PRODUCTS_DIR}/Alamofire/Alamofire.framework",
				"${BUILT_PRODUCTS_DIR}/AlamofireImage/AlamofireImage.framework",
				"${BUILT_PRODUCTS_DIR}/AlamofireObjectMapper/AlamofireObjectMapper.framework",
				"${BUILT_PRODUCTS_DIR}/BetterSegmentedControl/BetterSegmentedControl.framework",
				"${BUILT_PRODUCTS_DIR}/Bolts/Bolts.framework",
				"${BUILT_PRODUCTS_DIR}/FBSDKCoreKit/FBSDKCoreKit.framework",
				"${BUILT_PRODUCTS_DIR}/FBSDKLoginKit/FBSDKLoginKit.framework",
				"${BUILT_PRODUCTS_DIR}/FBSDKShareKit/FBSDKShareKit.framework",
				"${BUILT_PRODUCTS_DIR}/FacebookCore/FacebookCore.framework",
				"${BUILT_PRODUCTS_DIR}/FacebookLogin/FacebookLogin.framework",
				"${BUILT_PRODUCTS_DIR}/FacebookShare/FacebookShare.framework",
				"${BUILT_PRODUCTS_DIR}/KeychainSwift/KeychainSwift.framework",
				"${BUILT_PRODUCTS_DIR}/Koloda/Koloda.framework",
				"${BUILT_PRODUCTS_DIR}/MBProgressHUD/MBProgressHUD.framework",
				"${BUILT_PRODUCTS_DIR}/ObjectMapper/ObjectMapper.framework",
				"${BUILT_PRODUCTS_DIR}/ReachabilitySwift/ReachabilitySwift.framework",
				"${BUILT_PRODUCTS_DIR}/Realm/Realm.framework",
				"${BUILT_PRODUCTS_DIR}/RealmSwift/RealmSwift.framework",
				"${BUILT_PRODUCTS_DIR}/SwiftInstagram/SwiftInstagram.framework",
				"${BUILT_PRODUCTS_DIR}/UIColor_Hex_Swift/UIColor_Hex_Swift.framework",
				"${BUILT_PRODUCTS_DIR}/pop/pop.framework",
			);
			name = "[CP] Embed Pods Frameworks";
			outputPaths = (
				"${TARGET_BUILD_DIR}/${FRAMEWORKS_FOLDER_PATH}/Alamofire.framework",
				"${TARGET_BUILD_DIR}/${FRAMEWORKS_FOLDER_PATH}/AlamofireImage.framework",
				"${TARGET_BUILD_DIR}/${FRAMEWORKS_FOLDER_PATH}/AlamofireObjectMapper.framework",
				"${TARGET_BUILD_DIR}/${FRAMEWORKS_FOLDER_PATH}/BetterSegmentedControl.framework",
				"${TARGET_BUILD_DIR}/${FRAMEWORKS_FOLDER_PATH}/Bolts.framework",
				"${TARGET_BUILD_DIR}/${FRAMEWORKS_FOLDER_PATH}/FBSDKCoreKit.framework",
				"${TARGET_BUILD_DIR}/${FRAMEWORKS_FOLDER_PATH}/FBSDKLoginKit.framework",
				"${TARGET_BUILD_DIR}/${FRAMEWORKS_FOLDER_PATH}/FBSDKShareKit.framework",
				"${TARGET_BUILD_DIR}/${FRAMEWORKS_FOLDER_PATH}/FacebookCore.framework",
				"${TARGET_BUILD_DIR}/${FRAMEWORKS_FOLDER_PATH}/FacebookLogin.framework",
				"${TARGET_BUILD_DIR}/${FRAMEWORKS_FOLDER_PATH}/FacebookShare.framework",
				"${TARGET_BUILD_DIR}/${FRAMEWORKS_FOLDER_PATH}/KeychainSwift.framework",
				"${TARGET_BUILD_DIR}/${FRAMEWORKS_FOLDER_PATH}/Koloda.framework",
				"${TARGET_BUILD_DIR}/${FRAMEWORKS_FOLDER_PATH}/MBProgressHUD.framework",
				"${TARGET_BUILD_DIR}/${FRAMEWORKS_FOLDER_PATH}/ObjectMapper.framework",
				"${TARGET_BUILD_DIR}/${FRAMEWORKS_FOLDER_PATH}/ReachabilitySwift.framework",
				"${TARGET_BUILD_DIR}/${FRAMEWORKS_FOLDER_PATH}/Realm.framework",
				"${TARGET_BUILD_DIR}/${FRAMEWORKS_FOLDER_PATH}/RealmSwift.framework",
				"${TARGET_BUILD_DIR}/${FRAMEWORKS_FOLDER_PATH}/SwiftInstagram.framework",
				"${TARGET_BUILD_DIR}/${FRAMEWORKS_FOLDER_PATH}/UIColor_Hex_Swift.framework",
				"${TARGET_BUILD_DIR}/${FRAMEWORKS_FOLDER_PATH}/pop.framework",
			);
			runOnlyForDeploymentPostprocessing = 0;
			shellPath = /bin/sh;
			shellScript = "\"${SRCROOT}/Pods/Target Support Files/Pods-SnapXEats/Pods-SnapXEats-frameworks.sh\"\n";
			showEnvVarsInLog = 0;
		};
		AE9936595A0E584512D53DE9 /* [CP] Check Pods Manifest.lock */ = {
			isa = PBXShellScriptBuildPhase;
			buildActionMask = 2147483647;
			files = (
			);
			inputPaths = (
				"${PODS_PODFILE_DIR_PATH}/Podfile.lock",
				"${PODS_ROOT}/Manifest.lock",
			);
			name = "[CP] Check Pods Manifest.lock";
			outputPaths = (
				"$(DERIVED_FILE_DIR)/Pods-SnapXEats-checkManifestLockResult.txt",
			);
			runOnlyForDeploymentPostprocessing = 0;
			shellPath = /bin/sh;
			shellScript = "diff \"${PODS_PODFILE_DIR_PATH}/Podfile.lock\" \"${PODS_ROOT}/Manifest.lock\" > /dev/null\nif [ $? != 0 ] ; then\n    # print error to STDERR\n    echo \"error: The sandbox is not in sync with the Podfile.lock. Run 'pod install' or update your CocoaPods installation.\" >&2\n    exit 1\nfi\n# This output is used by Xcode 'outputs' to avoid re-running this script phase.\necho \"SUCCESS\" > \"${SCRIPT_OUTPUT_FILE_0}\"\n";
			showEnvVarsInLog = 0;
		};
		E811EA526530A1EF6C7BD23E /* [CP] Copy Pods Resources */ = {
			isa = PBXShellScriptBuildPhase;
			buildActionMask = 2147483647;
			files = (
			);
			inputPaths = (
			);
			name = "[CP] Copy Pods Resources";
			outputPaths = (
			);
			runOnlyForDeploymentPostprocessing = 0;
			shellPath = /bin/sh;
			shellScript = "\"${SRCROOT}/Pods/Target Support Files/Pods-SnapXEats/Pods-SnapXEats-resources.sh\"\n";
			showEnvVarsInLog = 0;
		};
/* End PBXShellScriptBuildPhase section */

/* Begin PBXSourcesBuildPhase section */
		9D8E88601FFD27F30066A1D9 /* Sources */ = {
			isa = PBXSourcesBuildPhase;
			buildActionMask = 2147483647;
			files = (
				9D8E89161FFD2C400066A1D9 /* RootRouter.swift in Sources */,
				7E791F1C2032D8D600FA887D /* PreferenceItem.swift in Sources */,
				9D8E89171FFD2C400066A1D9 /* AppDelegate.swift in Sources */,
				9D8E88EB1FFD2BEC0066A1D9 /* LoginContract.swift in Sources */,
				9D2C484D202073A700FD8B1C /* SelectedPreference.swift in Sources */,
				9D8095712015E5200077F84B /* SnapXEatsApi.swift in Sources */,
				9D8E88EC1FFD2BEC0066A1D9 /* LoginPresenter.swift in Sources */,
				9D8E88ED1FFD2BEC0066A1D9 /* LoginViewController.swift in Sources */,
				7E5C058520186846000B5C33 /* UISearchbar+helper.swift in Sources */,
				9D902BE4201729E400359DFD /* SelectLocationContract.swift in Sources */,
				9DB7FE0B1FFFAC3800D0E816 /* InstagramViewController.swift in Sources */,
				9D8E88EE1FFD2BEC0066A1D9 /* LoginInteractor.swift in Sources */,
				9D0D713C203AAE1F0077FA7A /* RestaurantDetailsRouter.swift in Sources */,
				9D8E88EF1FFD2BEC0066A1D9 /* LoginRouter.swift in Sources */,
				9D8E88F11FFD2BEC0066A1D9 /* BaseContract.swift in Sources */,
				9D8E88F21FFD2BEC0066A1D9 /* BaseViewController.swift in Sources */,
				9D8E88F31FFD2BEC0066A1D9 /* Product.swift in Sources */,
				7E6FD41C2020A00F0058BFB8 /* SearchPlacePredictions.swift in Sources */,
				9D8E88F41FFD2BEC0066A1D9 /* UserProfile.swift in Sources */,
				7E5C057E2017A6DC000B5C33 /* SavedLocationTableViewCell.swift in Sources */,
				7E71FC092022CCAD00CA8467 /* KYEmbedMainControllerSegue.swift in Sources */,
				9D902BE6201729E400359DFD /* SelectLocationViewController.swift in Sources */,
				9D8E88F51FFD2BEC0066A1D9 /* Constants.swift in Sources */,
				7EAC8610201A066B00DE162A /* FoodCardView.swift in Sources */,
				7E71FC0F2022CDC200CA8467 /* DrawerViewController.swift in Sources */,
				7E71FC082022CCAD00CA8467 /* KYEmbedDrawerControllerSegue.swift in Sources */,
				9D8E88F61FFD2BEC0066A1D9 /* PlainButtonCellDelegate.swift in Sources */,
				9D8E88F71FFD2BEC0066A1D9 /* UIImage+Icons.swift in Sources */,
				9D8E88F81FFD2BEC0066A1D9 /* UIView.swift in Sources */,
				9D8E88F91FFD2BEC0066A1D9 /* UIFont+Utils.swift in Sources */,
				9D902BCA20171AED00359DFD /* FoodCardsPresenter.swift in Sources */,
				9D3D1CE02006479500AAAB95 /* SnapXConstants.swift in Sources */,
				7E9C0B912021DC5700BA999E /* SnapXEatsLocation.swift in Sources */,
				9D8E88FA1FFD2BEC0066A1D9 /* UITextField+Border.swift in Sources */,
				9D0D712C203859C80077FA7A /* UserLogin.swift in Sources */,
				7E5C058220185F34000B5C33 /* SavedAddressHeaderViewCell.swift in Sources */,
				9DB02A6F2010805F0061FC0C /* LocationPresenter.swift in Sources */,
				9D9868D92023202B003E82F6 /* Restaurant.swift in Sources */,
				9DE7CE512023620500BBBFEC /* UserPreferenceContract.swift in Sources */,
				9D8E88FB1FFD2BEC0066A1D9 /* UICollectionView.swift in Sources */,
				9DDC3AEC2035553600A7F181 /* SnapXEatsLoginHelper.swift in Sources */,
				9D8E88FC1FFD2BEC0066A1D9 /* DataResponse.swift in Sources */,
				9DE7CE542023620500BBBFEC /* UserPreferenceInteractor.swift in Sources */,
				7E71FC1A2022ECE100CA8467 /* NavigationMenuTableViewCell.swift in Sources */,
				9DCBE184201EF6F80030A0F9 /* SnapXEatsNetworkManager.swift in Sources */,
				9D902BE5201729E400359DFD /* SelectLocationPresenter.swift in Sources */,
				9D0D7138203AAE1F0077FA7A /* RestaurantDetailsContract.swift in Sources */,
				9D8E88FD1FFD2BEC0066A1D9 /* Results.swift in Sources */,
				9D8E88FE1FFD2BEC0066A1D9 /* UITableView.swift in Sources */,
				9D8E88FF1FFD2BEC0066A1D9 /* UITableViewCell.swift in Sources */,
				9D8E89001FFD2BEC0066A1D9 /* String.swift in Sources */,
				7E71FC072022CCAD00CA8467 /* KYDrawerController.swift in Sources */,
				9D8E89011FFD2BEC0066A1D9 /* UIViewController.swift in Sources */,
				9D0D713B203AAE1F0077FA7A /* RestaurantDetailsInteractor.swift in Sources */,
				9DB7FE112004F0EE00D0E816 /* Alert.swift in Sources */,
				9D902BE8201729E400359DFD /* SelectLocationRouter.swift in Sources */,
				9D8E89021FFD2BEC0066A1D9 /* UIColor+Pallet.swift in Sources */,
				9DB02A722010805F0061FC0C /* LocationRouter.swift in Sources */,
				9D8E89031FFD2BEC0066A1D9 /* Double.swift in Sources */,
				9DB02A6E2010805F0061FC0C /* LocationContract.swift in Sources */,
				9D902BCC20171AED00359DFD /* FoodCardsInteractor.swift in Sources */,
				9D0D7139203AAE1F0077FA7A /* RestaurantDetailsPresenter.swift in Sources */,
				9DE7CE522023620500BBBFEC /* UserPreferencePresenter.swift in Sources */,
				9D8E89041FFD2BEC0066A1D9 /* UIAlertController.swift in Sources */,
				7E5946972020BD02006702AF /* SearchPlacesTableViewCell.swift in Sources */,
				9D8E89051FFD2BEC0066A1D9 /* UICollectionViewCell.swift in Sources */,
				9D8E89061FFD2BEC0066A1D9 /* UIStoryboard.swift in Sources */,
				9D8E89071FFD2BEC0066A1D9 /* ValidableUILabel.swift in Sources */,
				9D902BC920171AED00359DFD /* FoodCardsContract.swift in Sources */,
				7E791F122032B4A500FA887D /* CuisineAndFoodPreferencesViewController.swift in Sources */,
				9D8E89081FFD2BEC0066A1D9 /* RoundedTextField.swift in Sources */,
				9D902BCB20171AED00359DFD /* FoodCardsViewController.swift in Sources */,
				9D0D713A203AAE1F0077FA7A /* RestaurantDetailsViewController.swift in Sources */,
				9D902BE7201729E400359DFD /* SelectLocationInteractor.swift in Sources */,
				9D8E89091FFD2BEC0066A1D9 /* RoundedPinkButton.swift in Sources */,
				9D8E890A1FFD2BEC0066A1D9 /* SimpleCircle.swift in Sources */,
				9D8E890B1FFD2BEC0066A1D9 /* PlainButtonCell.swift in Sources */,
				9D8E890D1FFD2BEC0066A1D9 /* SectionHeaderLabelCell.swift in Sources */,
				9D955D2B2028A91A0007CB01 /* SnapXEatsUserLocation.swift in Sources */,
				9D8E890F1FFD2BEC0066A1D9 /* ProfileLocalDataManager.swift in Sources */,
				9D3FC4DB2011E34D001A4264 /* CuisineCollectionViewCell.swift in Sources */,
				9D8E89101FFD2BEC0066A1D9 /* ProfileApiDataManager.swift in Sources */,
				9DE7CE552023620500BBBFEC /* UserPreferenceRouter.swift in Sources */,
				9DB02A702010805F0061FC0C /* LocationViewController.swift in Sources */,
				9DB7FE0E2004BC9D00D0E816 /* Network.swift in Sources */,
				9D8E89111FFD2BEC0066A1D9 /* StoryboardLoadable.swift in Sources */,
				9D8E89121FFD2BEC0066A1D9 /* NibLoadableView.swift in Sources */,
				9D902BCD20171AED00359DFD /* FoodCardsRouter.swift in Sources */,
				9D8E89131FFD2BEC0066A1D9 /* ReusableView.swift in Sources */,
				7E791F182032CAB800FA887D /* PreferenceTypeCollectionViewCell.swift in Sources */,
				9D3FC4D82011C94A001A4264 /* CuisinePreference.swift in Sources */,
				9DE7CE532023620500BBBFEC /* UserPreferenceViewController.swift in Sources */,
				9D8E89151FFD2BEC0066A1D9 /* ValidatorHelper.swift in Sources */,
				9DB02A712010805F0061FC0C /* LocationInteractor.swift in Sources */,
			);
			runOnlyForDeploymentPostprocessing = 0;
		};
		9D8E88741FFD27F30066A1D9 /* Sources */ = {
			isa = PBXSourcesBuildPhase;
			buildActionMask = 2147483647;
			files = (
				9D8E887D1FFD27F30066A1D9 /* SnapXEatsTests.swift in Sources */,
			);
			runOnlyForDeploymentPostprocessing = 0;
		};
/* End PBXSourcesBuildPhase section */

/* Begin PBXTargetDependency section */
		9D8E887A1FFD27F30066A1D9 /* PBXTargetDependency */ = {
			isa = PBXTargetDependency;
			target = 9D8E88631FFD27F30066A1D9 /* SnapXEats */;
			targetProxy = 9D8E88791FFD27F30066A1D9 /* PBXContainerItemProxy */;
		};
/* End PBXTargetDependency section */

/* Begin PBXVariantGroup section */
		9D8E88E61FFD2A6F0066A1D9 /* Localizable.strings */ = {
			isa = PBXVariantGroup;
			children = (
				9D8E88E71FFD2A6F0066A1D9 /* en */,
				9D8E88E81FFD2A6F0066A1D9 /* Base */,
			);
			name = Localizable.strings;
			sourceTree = "<group>";
		};
/* End PBXVariantGroup section */

/* Begin XCBuildConfiguration section */
		9D8E887F1FFD27F30066A1D9 /* Debug */ = {
			isa = XCBuildConfiguration;
			buildSettings = {
				ALWAYS_SEARCH_USER_PATHS = NO;
				CLANG_ANALYZER_NONNULL = YES;
				CLANG_ANALYZER_NUMBER_OBJECT_CONVERSION = YES_AGGRESSIVE;
				CLANG_CXX_LANGUAGE_STANDARD = "gnu++14";
				CLANG_CXX_LIBRARY = "libc++";
				CLANG_ENABLE_MODULES = YES;
				CLANG_ENABLE_OBJC_ARC = YES;
				CLANG_WARN_BLOCK_CAPTURE_AUTORELEASING = YES;
				CLANG_WARN_BOOL_CONVERSION = YES;
				CLANG_WARN_COMMA = YES;
				CLANG_WARN_CONSTANT_CONVERSION = YES;
				CLANG_WARN_DIRECT_OBJC_ISA_USAGE = YES_ERROR;
				CLANG_WARN_DOCUMENTATION_COMMENTS = YES;
				CLANG_WARN_EMPTY_BODY = YES;
				CLANG_WARN_ENUM_CONVERSION = YES;
				CLANG_WARN_INFINITE_RECURSION = YES;
				CLANG_WARN_INT_CONVERSION = YES;
				CLANG_WARN_NON_LITERAL_NULL_CONVERSION = YES;
				CLANG_WARN_OBJC_LITERAL_CONVERSION = YES;
				CLANG_WARN_OBJC_ROOT_CLASS = YES_ERROR;
				CLANG_WARN_RANGE_LOOP_ANALYSIS = YES;
				CLANG_WARN_STRICT_PROTOTYPES = YES;
				CLANG_WARN_SUSPICIOUS_MOVE = YES;
				CLANG_WARN_UNGUARDED_AVAILABILITY = YES_AGGRESSIVE;
				CLANG_WARN_UNREACHABLE_CODE = YES;
				CLANG_WARN__DUPLICATE_METHOD_MATCH = YES;
				CODE_SIGN_IDENTITY = "iPhone Developer";
				COPY_PHASE_STRIP = NO;
				DEBUG_INFORMATION_FORMAT = dwarf;
				ENABLE_STRICT_OBJC_MSGSEND = YES;
				ENABLE_TESTABILITY = YES;
				GCC_C_LANGUAGE_STANDARD = gnu11;
				GCC_DYNAMIC_NO_PIC = NO;
				GCC_NO_COMMON_BLOCKS = YES;
				GCC_OPTIMIZATION_LEVEL = 0;
				GCC_PREPROCESSOR_DEFINITIONS = (
					"DEBUG=1",
					"$(inherited)",
				);
				GCC_WARN_64_TO_32_BIT_CONVERSION = YES;
				GCC_WARN_ABOUT_RETURN_TYPE = YES_ERROR;
				GCC_WARN_UNDECLARED_SELECTOR = YES;
				GCC_WARN_UNINITIALIZED_AUTOS = YES_AGGRESSIVE;
				GCC_WARN_UNUSED_FUNCTION = YES;
				GCC_WARN_UNUSED_VARIABLE = YES;
				IPHONEOS_DEPLOYMENT_TARGET = 9.0;
				MTL_ENABLE_DEBUG_INFO = YES;
				ONLY_ACTIVE_ARCH = YES;
				SDKROOT = iphoneos;
				SWIFT_ACTIVE_COMPILATION_CONDITIONS = DEBUG;
				SWIFT_OPTIMIZATION_LEVEL = "-Onone";
			};
			name = Debug;
		};
		9D8E88801FFD27F30066A1D9 /* Release */ = {
			isa = XCBuildConfiguration;
			buildSettings = {
				ALWAYS_SEARCH_USER_PATHS = NO;
				CLANG_ANALYZER_NONNULL = YES;
				CLANG_ANALYZER_NUMBER_OBJECT_CONVERSION = YES_AGGRESSIVE;
				CLANG_CXX_LANGUAGE_STANDARD = "gnu++14";
				CLANG_CXX_LIBRARY = "libc++";
				CLANG_ENABLE_MODULES = YES;
				CLANG_ENABLE_OBJC_ARC = YES;
				CLANG_WARN_BLOCK_CAPTURE_AUTORELEASING = YES;
				CLANG_WARN_BOOL_CONVERSION = YES;
				CLANG_WARN_COMMA = YES;
				CLANG_WARN_CONSTANT_CONVERSION = YES;
				CLANG_WARN_DIRECT_OBJC_ISA_USAGE = YES_ERROR;
				CLANG_WARN_DOCUMENTATION_COMMENTS = YES;
				CLANG_WARN_EMPTY_BODY = YES;
				CLANG_WARN_ENUM_CONVERSION = YES;
				CLANG_WARN_INFINITE_RECURSION = YES;
				CLANG_WARN_INT_CONVERSION = YES;
				CLANG_WARN_NON_LITERAL_NULL_CONVERSION = YES;
				CLANG_WARN_OBJC_LITERAL_CONVERSION = YES;
				CLANG_WARN_OBJC_ROOT_CLASS = YES_ERROR;
				CLANG_WARN_RANGE_LOOP_ANALYSIS = YES;
				CLANG_WARN_STRICT_PROTOTYPES = YES;
				CLANG_WARN_SUSPICIOUS_MOVE = YES;
				CLANG_WARN_UNGUARDED_AVAILABILITY = YES_AGGRESSIVE;
				CLANG_WARN_UNREACHABLE_CODE = YES;
				CLANG_WARN__DUPLICATE_METHOD_MATCH = YES;
				CODE_SIGN_IDENTITY = "iPhone Developer";
				COPY_PHASE_STRIP = NO;
				DEBUG_INFORMATION_FORMAT = "dwarf-with-dsym";
				ENABLE_NS_ASSERTIONS = NO;
				ENABLE_STRICT_OBJC_MSGSEND = YES;
				GCC_C_LANGUAGE_STANDARD = gnu11;
				GCC_NO_COMMON_BLOCKS = YES;
				GCC_WARN_64_TO_32_BIT_CONVERSION = YES;
				GCC_WARN_ABOUT_RETURN_TYPE = YES_ERROR;
				GCC_WARN_UNDECLARED_SELECTOR = YES;
				GCC_WARN_UNINITIALIZED_AUTOS = YES_AGGRESSIVE;
				GCC_WARN_UNUSED_FUNCTION = YES;
				GCC_WARN_UNUSED_VARIABLE = YES;
				IPHONEOS_DEPLOYMENT_TARGET = 9.0;
				MTL_ENABLE_DEBUG_INFO = NO;
				SDKROOT = iphoneos;
				SWIFT_OPTIMIZATION_LEVEL = "-Owholemodule";
				VALIDATE_PRODUCT = YES;
			};
			name = Release;
		};
		9D8E88821FFD27F30066A1D9 /* Debug */ = {
			isa = XCBuildConfiguration;
			baseConfigurationReference = 18C81282DCA92A76FE981E2D /* Pods-SnapXEats.debug.xcconfig */;
			buildSettings = {
				ASSETCATALOG_COMPILER_APPICON_NAME = AppIcon;
				ASSETCATALOG_COMPILER_LAUNCHIMAGE_NAME = LaunchImage;
				CODE_SIGN_ENTITLEMENTS = SnapXEats/SnapXEats.entitlements;
				"CODE_SIGN_IDENTITY[sdk=iphoneos*]" = "iPhone Developer";
				CODE_SIGN_STYLE = Automatic;
				DEVELOPMENT_TEAM = 67822934AQ;
				INFOPLIST_FILE = SnapXEats/Info.plist;
				IPHONEOS_DEPLOYMENT_TARGET = 9.0;
				LD_RUNPATH_SEARCH_PATHS = "$(inherited) @executable_path/Frameworks";
				PRODUCT_BUNDLE_IDENTIFIER = com.synerzip.SnapXEatstest;
				PRODUCT_NAME = "$(TARGET_NAME)";
				PROVISIONING_PROFILE = "";
				PROVISIONING_PROFILE_SPECIFIER = "";
				SWIFT_VERSION = 4.0;
				TARGETED_DEVICE_FAMILY = 1;
			};
			name = Debug;
		};
		9D8E88831FFD27F30066A1D9 /* Release */ = {
			isa = XCBuildConfiguration;
			baseConfigurationReference = C272160BBB123BC8E63B160D /* Pods-SnapXEats.release.xcconfig */;
			buildSettings = {
				ASSETCATALOG_COMPILER_APPICON_NAME = AppIcon;
				ASSETCATALOG_COMPILER_LAUNCHIMAGE_NAME = LaunchImage;
				CODE_SIGN_ENTITLEMENTS = SnapXEats/SnapXEats.entitlements;
				"CODE_SIGN_IDENTITY[sdk=iphoneos*]" = "iPhone Developer";
				CODE_SIGN_STYLE = Automatic;
				DEVELOPMENT_TEAM = 67822934AQ;
				INFOPLIST_FILE = SnapXEats/Info.plist;
				IPHONEOS_DEPLOYMENT_TARGET = 9.0;
				LD_RUNPATH_SEARCH_PATHS = "$(inherited) @executable_path/Frameworks";
				PRODUCT_BUNDLE_IDENTIFIER = com.synerzip.SnapXEatstest;
				PRODUCT_NAME = "$(TARGET_NAME)";
				PROVISIONING_PROFILE = "";
				PROVISIONING_PROFILE_SPECIFIER = "";
				SWIFT_VERSION = 4.0;
				TARGETED_DEVICE_FAMILY = 1;
			};
			name = Release;
		};
		9D8E88851FFD27F30066A1D9 /* Debug */ = {
			isa = XCBuildConfiguration;
			buildSettings = {
				ALWAYS_EMBED_SWIFT_STANDARD_LIBRARIES = YES;
				BUNDLE_LOADER = "$(TEST_HOST)";
				CODE_SIGN_STYLE = Automatic;
				DEVELOPMENT_TEAM = 7ANMTSLCYM;
				INFOPLIST_FILE = SnapXEatsTests/Info.plist;
				LD_RUNPATH_SEARCH_PATHS = "$(inherited) @executable_path/Frameworks @loader_path/Frameworks";
				PRODUCT_BUNDLE_IDENTIFIER = com.snapxeats.SnapXEatsTests;
				PRODUCT_NAME = "$(TARGET_NAME)";
				SWIFT_VERSION = 4.0;
				TARGETED_DEVICE_FAMILY = "1,2";
				TEST_HOST = "$(BUILT_PRODUCTS_DIR)/SnapXEats.app/SnapXEats";
			};
			name = Debug;
		};
		9D8E88861FFD27F30066A1D9 /* Release */ = {
			isa = XCBuildConfiguration;
			buildSettings = {
				ALWAYS_EMBED_SWIFT_STANDARD_LIBRARIES = YES;
				BUNDLE_LOADER = "$(TEST_HOST)";
				CODE_SIGN_STYLE = Automatic;
				DEVELOPMENT_TEAM = 7ANMTSLCYM;
				INFOPLIST_FILE = SnapXEatsTests/Info.plist;
				LD_RUNPATH_SEARCH_PATHS = "$(inherited) @executable_path/Frameworks @loader_path/Frameworks";
				PRODUCT_BUNDLE_IDENTIFIER = com.snapxeats.SnapXEatsTests;
				PRODUCT_NAME = "$(TARGET_NAME)";
				SWIFT_VERSION = 4.0;
				TARGETED_DEVICE_FAMILY = "1,2";
				TEST_HOST = "$(BUILT_PRODUCTS_DIR)/SnapXEats.app/SnapXEats";
			};
			name = Release;
		};
/* End XCBuildConfiguration section */

/* Begin XCConfigurationList section */
		9D8E885F1FFD27F30066A1D9 /* Build configuration list for PBXProject "SnapXEats" */ = {
			isa = XCConfigurationList;
			buildConfigurations = (
				9D8E887F1FFD27F30066A1D9 /* Debug */,
				9D8E88801FFD27F30066A1D9 /* Release */,
			);
			defaultConfigurationIsVisible = 0;
			defaultConfigurationName = Release;
		};
		9D8E88811FFD27F30066A1D9 /* Build configuration list for PBXNativeTarget "SnapXEats" */ = {
			isa = XCConfigurationList;
			buildConfigurations = (
				9D8E88821FFD27F30066A1D9 /* Debug */,
				9D8E88831FFD27F30066A1D9 /* Release */,
			);
			defaultConfigurationIsVisible = 0;
			defaultConfigurationName = Release;
		};
		9D8E88841FFD27F30066A1D9 /* Build configuration list for PBXNativeTarget "SnapXEatsTests" */ = {
			isa = XCConfigurationList;
			buildConfigurations = (
				9D8E88851FFD27F30066A1D9 /* Debug */,
				9D8E88861FFD27F30066A1D9 /* Release */,
			);
			defaultConfigurationIsVisible = 0;
			defaultConfigurationName = Release;
		};
/* End XCConfigurationList section */
	};
	rootObject = 9D8E885C1FFD27F30066A1D9 /* Project object */;
}
